// !$*UTF8*$!
{
	archiveVersion = 1;
	classes = {
	};
	objectVersion = 45;
	objects = {

/* Begin PBXBuildFile section */
		1D60589B0D05DD56006BFB54 /* main.m in Sources */ = {isa = PBXBuildFile; fileRef = 29B97316FDCFA39411CA2CEA /* main.m */; };
		1D60589F0D05DD5A006BFB54 /* Foundation.framework in Frameworks */ = {isa = PBXBuildFile; fileRef = 1D30AB110D05D00D00671497 /* Foundation.framework */; };
		1DF5F4E00D08C38300B7A737 /* UIKit.framework in Frameworks */ = {isa = PBXBuildFile; fileRef = 1DF5F4DF0D08C38300B7A737 /* UIKit.framework */; };
		28860BE50F44EE6400985440 /* CoreData.framework in Frameworks */ = {isa = PBXBuildFile; fileRef = 28860BE40F44EE6400985440 /* CoreData.framework */; };
		2892E4100DC94CBA00A64D0F /* CoreGraphics.framework in Frameworks */ = {isa = PBXBuildFile; fileRef = 2892E40F0DC94CBA00A64D0F /* CoreGraphics.framework */; };
		3A15C47D101754B600ECB335 /* MessageUI.framework in Frameworks */ = {isa = PBXBuildFile; fileRef = 3A15C47C101754B600ECB335 /* MessageUI.framework */; };
		3A15C4BF10175AA500ECB335 /* CoreLocation.framework in Frameworks */ = {isa = PBXBuildFile; fileRef = 3A15C4BE10175AA500ECB335 /* CoreLocation.framework */; };
		3A15C4C310175AB700ECB335 /* MapKit.framework in Frameworks */ = {isa = PBXBuildFile; fileRef = 3A15C4C210175AB700ECB335 /* MapKit.framework */; };
		3A15C50110175D8C00ECB335 /* Map.m in Sources */ = {isa = PBXBuildFile; fileRef = 3A15C50010175D8B00ECB335 /* Map.m */; };
		3A1BDFEE10177D3800775127 /* location.png in Resources */ = {isa = PBXBuildFile; fileRef = 3A1BDFED10177D3800775127 /* location.png */; };
		3A9BA4BC10183B8E006F7A3F /* small_thumbnail0.png in Resources */ = {isa = PBXBuildFile; fileRef = 3A9BA4B810183B8E006F7A3F /* small_thumbnail0.png */; };
		3A9BA4BD10183B8E006F7A3F /* small_thumbnail1.png in Resources */ = {isa = PBXBuildFile; fileRef = 3A9BA4B910183B8E006F7A3F /* small_thumbnail1.png */; };
		3A9BA4BE10183B8E006F7A3F /* small_thumbnail2.png in Resources */ = {isa = PBXBuildFile; fileRef = 3A9BA4BA10183B8E006F7A3F /* small_thumbnail2.png */; };
		3A9BA4BF10183B8E006F7A3F /* small_thumbnail3.png in Resources */ = {isa = PBXBuildFile; fileRef = 3A9BA4BB10183B8E006F7A3F /* small_thumbnail3.png */; };
		3AA753B910179455007B3E5C /* SoundEffect.m in Sources */ = {isa = PBXBuildFile; fileRef = 3AA753B810179455007B3E5C /* SoundEffect.m */; };
		3AA753C310179559007B3E5C /* Erase.caf in Resources */ = {isa = PBXBuildFile; fileRef = 3AA753C210179559007B3E5C /* Erase.caf */; };
		3AA753E610179806007B3E5C /* AudioToolbox.framework in Frameworks */ = {isa = PBXBuildFile; fileRef = 3AA753E510179806007B3E5C /* AudioToolbox.framework */; };
		3AA7543210179E51007B3E5C /* color.png in Resources */ = {isa = PBXBuildFile; fileRef = 3AA7543110179E51007B3E5C /* color.png */; };
		3AA7544710179F6E007B3E5C /* Note.m in Sources */ = {isa = PBXBuildFile; fileRef = 3AA7544610179F6E007B3E5C /* Note.m */; };
		3AA7544F1017A0D9007B3E5C /* thumbnail0.png in Resources */ = {isa = PBXBuildFile; fileRef = 3AA7544B1017A0D9007B3E5C /* thumbnail0.png */; };
		3AA754501017A0D9007B3E5C /* thumbnail1.png in Resources */ = {isa = PBXBuildFile; fileRef = 3AA7544C1017A0D9007B3E5C /* thumbnail1.png */; };
		3AA754511017A0D9007B3E5C /* thumbnail2.png in Resources */ = {isa = PBXBuildFile; fileRef = 3AA7544D1017A0D9007B3E5C /* thumbnail2.png */; };
		3AA754521017A0D9007B3E5C /* thumbnail3.png in Resources */ = {isa = PBXBuildFile; fileRef = 3AA7544E1017A0D9007B3E5C /* thumbnail3.png */; };
		3AC5BF7C101597BA00D062A4 /* MainWindow.xib in Resources */ = {isa = PBXBuildFile; fileRef = 3AC5BF79101597BA00D062A4 /* MainWindow.xib */; };
		3AC5BF7E101597BA00D062A4 /* Notitas.xcdatamodel in Sources */ = {isa = PBXBuildFile; fileRef = 3AC5BF7B101597BA00D062A4 /* Notitas.xcdatamodel */; };
		3AC5BF991015986900D062A4 /* NotitasAppDelegate.m in Sources */ = {isa = PBXBuildFile; fileRef = 3AC5BF931015986900D062A4 /* NotitasAppDelegate.m */; };
		3AC5BF9A1015986900D062A4 /* RootViewController.m in Sources */ = {isa = PBXBuildFile; fileRef = 3AC5BF961015986900D062A4 /* RootViewController.m */; };
		3AC5C01C1015AEC300D062A4 /* NoteCell.m in Sources */ = {isa = PBXBuildFile; fileRef = 3AC5C01B1015AEC300D062A4 /* NoteCell.m */; };
		3AC5C0561015B64600D062A4 /* NoteThumbnail.m in Sources */ = {isa = PBXBuildFile; fileRef = 3AC5C0551015B64600D062A4 /* NoteThumbnail.m */; };
		3AC5C10E1015C3DC00D062A4 /* texture.png in Resources */ = {isa = PBXBuildFile; fileRef = 3AC5C10D1015C3DC00D062A4 /* texture.png */; };
		3AC5C16D1015CB6000D062A4 /* icon.png in Resources */ = {isa = PBXBuildFile; fileRef = 3AC5C16C1015CB6000D062A4 /* icon.png */; };
		3AC5C2971015DC6D00D062A4 /* NoteEditor.xib in Resources */ = {isa = PBXBuildFile; fileRef = 3AC5C2951015DC6D00D062A4 /* NoteEditor.xib */; };
		3AC5C29E1015DD0E00D062A4 /* NoteEditor.m in Sources */ = {isa = PBXBuildFile; fileRef = 3AC5C29D1015DD0E00D062A4 /* NoteEditor.m */; };
		3AC5C3CA1015EC1C00D062A4 /* Entitlements.plist in Resources */ = {isa = PBXBuildFile; fileRef = 3AC5C3C91015EC1C00D062A4 /* Entitlements.plist */; };
		3AC5C3F41015EEE300D062A4 /* Default.png in Resources */ = {isa = PBXBuildFile; fileRef = 3AC5C3F31015EEE300D062A4 /* Default.png */; };
		3AE3056C1018544400D43A02 /* Localizable.strings in Resources */ = {isa = PBXBuildFile; fileRef = 3AE3056B1018544400D43A02 /* Localizable.strings */; };
		3AE3057F1018572600D43A02 /* Map.xib in Resources */ = {isa = PBXBuildFile; fileRef = 3AE3057E1018572600D43A02 /* Map.xib */; };
/* End PBXBuildFile section */

/* Begin PBXFileReference section */
		1D30AB110D05D00D00671497 /* Foundation.framework */ = {isa = PBXFileReference; lastKnownFileType = wrapper.framework; name = Foundation.framework; path = System/Library/Frameworks/Foundation.framework; sourceTree = SDKROOT; };
		1D6058910D05DD3D006BFB54 /* Notitas.app */ = {isa = PBXFileReference; explicitFileType = wrapper.application; includeInIndex = 0; path = Notitas.app; sourceTree = BUILT_PRODUCTS_DIR; };
		1DF5F4DF0D08C38300B7A737 /* UIKit.framework */ = {isa = PBXFileReference; lastKnownFileType = wrapper.framework; name = UIKit.framework; path = System/Library/Frameworks/UIKit.framework; sourceTree = SDKROOT; };
		28860BE40F44EE6400985440 /* CoreData.framework */ = {isa = PBXFileReference; lastKnownFileType = wrapper.framework; name = CoreData.framework; path = System/Library/Frameworks/CoreData.framework; sourceTree = SDKROOT; };
		2892E40F0DC94CBA00A64D0F /* CoreGraphics.framework */ = {isa = PBXFileReference; lastKnownFileType = wrapper.framework; name = CoreGraphics.framework; path = System/Library/Frameworks/CoreGraphics.framework; sourceTree = SDKROOT; };
		28A0AAE50D9B0CCF005BE974 /* Notitas_Prefix.pch */ = {isa = PBXFileReference; fileEncoding = 4; lastKnownFileType = sourcecode.c.h; path = Notitas_Prefix.pch; sourceTree = "<group>"; };
		29B97316FDCFA39411CA2CEA /* main.m */ = {isa = PBXFileReference; fileEncoding = 4; lastKnownFileType = sourcecode.c.objc; path = main.m; sourceTree = "<group>"; };
		3A15C47C101754B600ECB335 /* MessageUI.framework */ = {isa = PBXFileReference; lastKnownFileType = wrapper.framework; name = MessageUI.framework; path = System/Library/Frameworks/MessageUI.framework; sourceTree = SDKROOT; };
		3A15C4BE10175AA500ECB335 /* CoreLocation.framework */ = {isa = PBXFileReference; lastKnownFileType = wrapper.framework; name = CoreLocation.framework; path = System/Library/Frameworks/CoreLocation.framework; sourceTree = SDKROOT; };
		3A15C4C210175AB700ECB335 /* MapKit.framework */ = {isa = PBXFileReference; lastKnownFileType = wrapper.framework; name = MapKit.framework; path = System/Library/Frameworks/MapKit.framework; sourceTree = SDKROOT; };
		3A15C4FF10175D8B00ECB335 /* Map.h */ = {isa = PBXFileReference; fileEncoding = 4; lastKnownFileType = sourcecode.c.h; path = Map.h; sourceTree = "<group>"; };
		3A15C50010175D8B00ECB335 /* Map.m */ = {isa = PBXFileReference; fileEncoding = 4; lastKnownFileType = sourcecode.c.objc; path = Map.m; sourceTree = "<group>"; };
		3A1BDFED10177D3800775127 /* location.png */ = {isa = PBXFileReference; lastKnownFileType = image.png; path = location.png; sourceTree = "<group>"; };
		3A9BA4B810183B8E006F7A3F /* small_thumbnail0.png */ = {isa = PBXFileReference; lastKnownFileType = image.png; path = small_thumbnail0.png; sourceTree = "<group>"; };
		3A9BA4B910183B8E006F7A3F /* small_thumbnail1.png */ = {isa = PBXFileReference; lastKnownFileType = image.png; path = small_thumbnail1.png; sourceTree = "<group>"; };
		3A9BA4BA10183B8E006F7A3F /* small_thumbnail2.png */ = {isa = PBXFileReference; lastKnownFileType = image.png; path = small_thumbnail2.png; sourceTree = "<group>"; };
		3A9BA4BB10183B8E006F7A3F /* small_thumbnail3.png */ = {isa = PBXFileReference; lastKnownFileType = image.png; path = small_thumbnail3.png; sourceTree = "<group>"; };
		3AA753B710179455007B3E5C /* SoundEffect.h */ = {isa = PBXFileReference; fileEncoding = 4; lastKnownFileType = sourcecode.c.h; path = SoundEffect.h; sourceTree = "<group>"; };
		3AA753B810179455007B3E5C /* SoundEffect.m */ = {isa = PBXFileReference; fileEncoding = 4; lastKnownFileType = sourcecode.c.objc; path = SoundEffect.m; sourceTree = "<group>"; };
		3AA753C210179559007B3E5C /* Erase.caf */ = {isa = PBXFileReference; lastKnownFileType = file; path = Erase.caf; sourceTree = "<group>"; };
		3AA753E510179806007B3E5C /* AudioToolbox.framework */ = {isa = PBXFileReference; lastKnownFileType = wrapper.framework; name = AudioToolbox.framework; path = System/Library/Frameworks/AudioToolbox.framework; sourceTree = SDKROOT; };
		3AA7543110179E51007B3E5C /* color.png */ = {isa = PBXFileReference; lastKnownFileType = image.png; path = color.png; sourceTree = "<group>"; };
		3AA7544510179F6E007B3E5C /* Note.h */ = {isa = PBXFileReference; fileEncoding = 4; lastKnownFileType = sourcecode.c.h; path = Note.h; sourceTree = "<group>"; };
		3AA7544610179F6E007B3E5C /* Note.m */ = {isa = PBXFileReference; fileEncoding = 4; lastKnownFileType = sourcecode.c.objc; path = Note.m; sourceTree = "<group>"; };
		3AA7544B1017A0D9007B3E5C /* thumbnail0.png */ = {isa = PBXFileReference; lastKnownFileType = image.png; path = thumbnail0.png; sourceTree = "<group>"; };
		3AA7544C1017A0D9007B3E5C /* thumbnail1.png */ = {isa = PBXFileReference; lastKnownFileType = image.png; path = thumbnail1.png; sourceTree = "<group>"; };
		3AA7544D1017A0D9007B3E5C /* thumbnail2.png */ = {isa = PBXFileReference; lastKnownFileType = image.png; path = thumbnail2.png; sourceTree = "<group>"; };
		3AA7544E1017A0D9007B3E5C /* thumbnail3.png */ = {isa = PBXFileReference; lastKnownFileType = image.png; path = thumbnail3.png; sourceTree = "<group>"; };
		3AA7545D1017A1B7007B3E5C /* ColorCode.h */ = {isa = PBXFileReference; fileEncoding = 4; lastKnownFileType = sourcecode.c.h; path = ColorCode.h; sourceTree = "<group>"; };
		3AC5BF79101597BA00D062A4 /* MainWindow.xib */ = {isa = PBXFileReference; lastKnownFileType = file.xib; path = MainWindow.xib; sourceTree = "<group>"; };
		3AC5BF7B101597BA00D062A4 /* Notitas.xcdatamodel */ = {isa = PBXFileReference; fileEncoding = 4; lastKnownFileType = wrapper.xcdatamodel; path = Notitas.xcdatamodel; sourceTree = "<group>"; };
		3AC5BF921015986900D062A4 /* NotitasAppDelegate.h */ = {isa = PBXFileReference; fileEncoding = 4; lastKnownFileType = sourcecode.c.h; path = NotitasAppDelegate.h; sourceTree = "<group>"; };
		3AC5BF931015986900D062A4 /* NotitasAppDelegate.m */ = {isa = PBXFileReference; fileEncoding = 4; lastKnownFileType = sourcecode.c.objc; path = NotitasAppDelegate.m; sourceTree = "<group>"; };
		3AC5BF951015986900D062A4 /* RootViewController.h */ = {isa = PBXFileReference; fileEncoding = 4; lastKnownFileType = sourcecode.c.h; path = RootViewController.h; sourceTree = "<group>"; };
		3AC5BF961015986900D062A4 /* RootViewController.m */ = {isa = PBXFileReference; fileEncoding = 4; lastKnownFileType = sourcecode.c.objc; path = RootViewController.m; sourceTree = "<group>"; };
		3AC5C01A1015AEC300D062A4 /* NoteCell.h */ = {isa = PBXFileReference; fileEncoding = 4; lastKnownFileType = sourcecode.c.h; path = NoteCell.h; sourceTree = "<group>"; };
		3AC5C01B1015AEC300D062A4 /* NoteCell.m */ = {isa = PBXFileReference; fileEncoding = 4; lastKnownFileType = sourcecode.c.objc; path = NoteCell.m; sourceTree = "<group>"; };
		3AC5C0541015B64600D062A4 /* NoteThumbnail.h */ = {isa = PBXFileReference; fileEncoding = 4; lastKnownFileType = sourcecode.c.h; path = NoteThumbnail.h; sourceTree = "<group>"; };
		3AC5C0551015B64600D062A4 /* NoteThumbnail.m */ = {isa = PBXFileReference; fileEncoding = 4; lastKnownFileType = sourcecode.c.objc; path = NoteThumbnail.m; sourceTree = "<group>"; };
		3AC5C10D1015C3DC00D062A4 /* texture.png */ = {isa = PBXFileReference; lastKnownFileType = image.png; path = texture.png; sourceTree = "<group>"; };
		3AC5C16C1015CB6000D062A4 /* icon.png */ = {isa = PBXFileReference; lastKnownFileType = image.png; path = icon.png; sourceTree = "<group>"; };
		3AC5C1C11015D18300D062A4 /* NoteCellDelegate.h */ = {isa = PBXFileReference; fileEncoding = 4; lastKnownFileType = sourcecode.c.h; path = NoteCellDelegate.h; sourceTree = "<group>"; };
		3AC5C2951015DC6D00D062A4 /* NoteEditor.xib */ = {isa = PBXFileReference; lastKnownFileType = file.xib; path = NoteEditor.xib; sourceTree = "<group>"; };
		3AC5C29C1015DD0E00D062A4 /* NoteEditor.h */ = {isa = PBXFileReference; fileEncoding = 4; lastKnownFileType = sourcecode.c.h; path = NoteEditor.h; sourceTree = "<group>"; };
		3AC5C29D1015DD0E00D062A4 /* NoteEditor.m */ = {isa = PBXFileReference; fileEncoding = 4; lastKnownFileType = sourcecode.c.objc; path = NoteEditor.m; sourceTree = "<group>"; };
		3AC5C2F01015E21400D062A4 /* NoteEditorDelegate.h */ = {isa = PBXFileReference; fileEncoding = 4; lastKnownFileType = sourcecode.c.h; path = NoteEditorDelegate.h; sourceTree = "<group>"; };
		3AC5C3C91015EC1C00D062A4 /* Entitlements.plist */ = {isa = PBXFileReference; fileEncoding = 4; lastKnownFileType = text.plist.xml; path = Entitlements.plist; sourceTree = "<group>"; };
		3AC5C3F31015EEE300D062A4 /* Default.png */ = {isa = PBXFileReference; lastKnownFileType = image.png; path = Default.png; sourceTree = "<group>"; };
		3AE3056D1018544A00D43A02 /* fr */ = {isa = PBXFileReference; lastKnownFileType = text.plist.strings; name = fr; path = fr.lproj/Localizable.strings; sourceTree = "<group>"; };
		3AE3056E1018544D00D43A02 /* es */ = {isa = PBXFileReference; lastKnownFileType = text.plist.strings; name = es; path = es.lproj/Localizable.strings; sourceTree = "<group>"; };
		3AE3056F1018546C00D43A02 /* en */ = {isa = PBXFileReference; lastKnownFileType = text.plist.strings; name = en; path = en.lproj/Localizable.strings; sourceTree = "<group>"; };
		3AE3057E1018572600D43A02 /* Map.xib */ = {isa = PBXFileReference; lastKnownFileType = file.xib; path = Map.xib; sourceTree = "<group>"; };
		8D1107310486CEB800E47090 /* Notitas-Info.plist */ = {isa = PBXFileReference; fileEncoding = 4; lastKnownFileType = text.plist.xml; name = "Notitas-Info.plist"; path = "../Notitas-Info.plist"; plistStructureDefinitionIdentifier = "com.apple.xcode.plist.structure-definition.iphone.info-plist"; sourceTree = "<group>"; };
/* End PBXFileReference section */

/* Begin PBXFrameworksBuildPhase section */
		1D60588F0D05DD3D006BFB54 /* Frameworks */ = {
			isa = PBXFrameworksBuildPhase;
			buildActionMask = 2147483647;
			files = (
				1D60589F0D05DD5A006BFB54 /* Foundation.framework in Frameworks */,
				1DF5F4E00D08C38300B7A737 /* UIKit.framework in Frameworks */,
				2892E4100DC94CBA00A64D0F /* CoreGraphics.framework in Frameworks */,
				28860BE50F44EE6400985440 /* CoreData.framework in Frameworks */,
				3A15C47D101754B600ECB335 /* MessageUI.framework in Frameworks */,
				3A15C4BF10175AA500ECB335 /* CoreLocation.framework in Frameworks */,
				3A15C4C310175AB700ECB335 /* MapKit.framework in Frameworks */,
				3AA753E610179806007B3E5C /* AudioToolbox.framework in Frameworks */,
			);
			runOnlyForDeploymentPostprocessing = 0;
		};
/* End PBXFrameworksBuildPhase section */

/* Begin PBXGroup section */
		19C28FACFE9D520D11CA2CBB /* Products */ = {
			isa = PBXGroup;
			children = (
				1D6058910D05DD3D006BFB54 /* Notitas.app */,
			);
			name = Products;
			sourceTree = "<group>";
		};
		29B97314FDCFA39411CA2CEA /* CustomTemplate */ = {
			isa = PBXGroup;
			children = (
				3AC5BF901015986900D062A4 /* Classes */,
				3AC5BF76101597BA00D062A4 /* Resources */,
				29B97315FDCFA39411CA2CEA /* Other Sources */,
				29B97323FDCFA39411CA2CEA /* Frameworks */,
				19C28FACFE9D520D11CA2CBB /* Products */,
			);
			name = CustomTemplate;
			sourceTree = "<group>";
		};
		29B97315FDCFA39411CA2CEA /* Other Sources */ = {
			isa = PBXGroup;
			children = (
				28A0AAE50D9B0CCF005BE974 /* Notitas_Prefix.pch */,
				29B97316FDCFA39411CA2CEA /* main.m */,
			);
			name = "Other Sources";
			sourceTree = "<group>";
		};
		29B97323FDCFA39411CA2CEA /* Frameworks */ = {
			isa = PBXGroup;
			children = (
				3AA753E510179806007B3E5C /* AudioToolbox.framework */,
				3A15C4C210175AB700ECB335 /* MapKit.framework */,
				3A15C4BE10175AA500ECB335 /* CoreLocation.framework */,
				3A15C47C101754B600ECB335 /* MessageUI.framework */,
				1DF5F4DF0D08C38300B7A737 /* UIKit.framework */,
				1D30AB110D05D00D00671497 /* Foundation.framework */,
				2892E40F0DC94CBA00A64D0F /* CoreGraphics.framework */,
				28860BE40F44EE6400985440 /* CoreData.framework */,
			);
			name = Frameworks;
			sourceTree = "<group>";
		};
		3AA753BA1017953B007B3E5C /* Sounds */ = {
			isa = PBXGroup;
			children = (
				3AA753C210179559007B3E5C /* Erase.caf */,
			);
			path = Sounds;
			sourceTree = "<group>";
		};
		3AC5BF76101597BA00D062A4 /* Resources */ = {
			isa = PBXGroup;
			children = (
				3AC5C3C91015EC1C00D062A4 /* Entitlements.plist */,
				3AC5BF7B101597BA00D062A4 /* Notitas.xcdatamodel */,
				8D1107310486CEB800E47090 /* Notitas-Info.plist */,
				3AC5BF77101597BA00D062A4 /* Images */,
				3AA753BA1017953B007B3E5C /* Sounds */,
				3AC5BF78101597BA00D062A4 /* NIBs */,
				3AE3055D1018538400D43A02 /* Strings */,
			);
			path = Resources;
			sourceTree = "<group>";
		};
		3AC5BF77101597BA00D062A4 /* Images */ = {
			isa = PBXGroup;
			children = (
				3A9BA4B810183B8E006F7A3F /* small_thumbnail0.png */,
				3A9BA4B910183B8E006F7A3F /* small_thumbnail1.png */,
				3A9BA4BA10183B8E006F7A3F /* small_thumbnail2.png */,
				3A9BA4BB10183B8E006F7A3F /* small_thumbnail3.png */,
				3AA7544B1017A0D9007B3E5C /* thumbnail0.png */,
				3AA7544C1017A0D9007B3E5C /* thumbnail1.png */,
				3AA7544D1017A0D9007B3E5C /* thumbnail2.png */,
				3AA7544E1017A0D9007B3E5C /* thumbnail3.png */,
				3AA7543110179E51007B3E5C /* color.png */,
				3A1BDFED10177D3800775127 /* location.png */,
				3AC5C3F31015EEE300D062A4 /* Default.png */,
				3AC5C16C1015CB6000D062A4 /* icon.png */,
				3AC5C10D1015C3DC00D062A4 /* texture.png */,
			);
			path = Images;
			sourceTree = "<group>";
		};
		3AC5BF78101597BA00D062A4 /* NIBs */ = {
			isa = PBXGroup;
			children = (
				3AE3057E1018572600D43A02 /* Map.xib */,
				3AC5BF79101597BA00D062A4 /* MainWindow.xib */,
				3AC5C2951015DC6D00D062A4 /* NoteEditor.xib */,
			);
			path = NIBs;
			sourceTree = "<group>";
		};
		3AC5BF901015986900D062A4 /* Classes */ = {
			isa = PBXGroup;
			children = (
				3AC5BF911015986900D062A4 /* AppDelegate */,
				3AC5BF941015986900D062A4 /* Controllers */,
				3AC5BF971015986900D062A4 /* Helpers */,
				3AC5BF981015986900D062A4 /* Models */,
			);
			path = Classes;
			sourceTree = "<group>";
		};
		3AC5BF911015986900D062A4 /* AppDelegate */ = {
			isa = PBXGroup;
			children = (
				3AC5BF921015986900D062A4 /* NotitasAppDelegate.h */,
				3AC5BF931015986900D062A4 /* NotitasAppDelegate.m */,
			);
			path = AppDelegate;
			sourceTree = "<group>";
		};
		3AC5BF941015986900D062A4 /* Controllers */ = {
			isa = PBXGroup;
			children = (
				3AC5BF951015986900D062A4 /* RootViewController.h */,
				3AC5BF961015986900D062A4 /* RootViewController.m */,
				3AC5C01A1015AEC300D062A4 /* NoteCell.h */,
				3AC5C01B1015AEC300D062A4 /* NoteCell.m */,
				3AC5C1C11015D18300D062A4 /* NoteCellDelegate.h */,
				3AC5C0541015B64600D062A4 /* NoteThumbnail.h */,
				3AC5C0551015B64600D062A4 /* NoteThumbnail.m */,
				3AC5C29C1015DD0E00D062A4 /* NoteEditor.h */,
				3AC5C29D1015DD0E00D062A4 /* NoteEditor.m */,
				3AC5C2F01015E21400D062A4 /* NoteEditorDelegate.h */,
				3A15C4FF10175D8B00ECB335 /* Map.h */,
				3A15C50010175D8B00ECB335 /* Map.m */,
			);
			path = Controllers;
			sourceTree = "<group>";
		};
		3AC5BF971015986900D062A4 /* Helpers */ = {
			isa = PBXGroup;
			children = (
				3AA753B710179455007B3E5C /* SoundEffect.h */,
				3AA753B810179455007B3E5C /* SoundEffect.m */,
				3AA7545D1017A1B7007B3E5C /* ColorCode.h */,
			);
			path = Helpers;
			sourceTree = "<group>";
		};
		3AC5BF981015986900D062A4 /* Models */ = {
			isa = PBXGroup;
			children = (
				3AA7544510179F6E007B3E5C /* Note.h */,
				3AA7544610179F6E007B3E5C /* Note.m */,
			);
			path = Models;
			sourceTree = "<group>";
		};
		3AE3055D1018538400D43A02 /* Strings */ = {
			isa = PBXGroup;
			children = (
				3AE3056B1018544400D43A02 /* Localizable.strings */,
			);
			path = Strings;
			sourceTree = "<group>";
		};
/* End PBXGroup section */

/* Begin PBXNativeTarget section */
		1D6058900D05DD3D006BFB54 /* Notitas */ = {
			isa = PBXNativeTarget;
			buildConfigurationList = 1D6058960D05DD3E006BFB54 /* Build configuration list for PBXNativeTarget "Notitas" */;
			buildPhases = (
				1D60588D0D05DD3D006BFB54 /* Resources */,
				1D60588E0D05DD3D006BFB54 /* Sources */,
				1D60588F0D05DD3D006BFB54 /* Frameworks */,
			);
			buildRules = (
			);
			dependencies = (
			);
			name = Notitas;
			productName = Notitas;
			productReference = 1D6058910D05DD3D006BFB54 /* Notitas.app */;
			productType = "com.apple.product-type.application";
		};
/* End PBXNativeTarget section */

/* Begin PBXProject section */
		29B97313FDCFA39411CA2CEA /* Project object */ = {
			isa = PBXProject;
			buildConfigurationList = C01FCF4E08A954540054247B /* Build configuration list for PBXProject "Notitas" */;
			compatibilityVersion = "Xcode 3.1";
			hasScannedForEncodings = 1;
			knownRegions = (
				English,
				Japanese,
				French,
				German,
				en,
				fr,
				es,
			);
			mainGroup = 29B97314FDCFA39411CA2CEA /* CustomTemplate */;
			projectDirPath = "";
			projectRoot = "";
			targets = (
				1D6058900D05DD3D006BFB54 /* Notitas */,
			);
		};
/* End PBXProject section */

/* Begin PBXResourcesBuildPhase section */
		1D60588D0D05DD3D006BFB54 /* Resources */ = {
			isa = PBXResourcesBuildPhase;
			buildActionMask = 2147483647;
			files = (
				3AC5BF7C101597BA00D062A4 /* MainWindow.xib in Resources */,
				3AC5C10E1015C3DC00D062A4 /* texture.png in Resources */,
				3AC5C16D1015CB6000D062A4 /* icon.png in Resources */,
				3AC5C2971015DC6D00D062A4 /* NoteEditor.xib in Resources */,
				3AC5C3CA1015EC1C00D062A4 /* Entitlements.plist in Resources */,
				3AC5C3F41015EEE300D062A4 /* Default.png in Resources */,
				3A1BDFEE10177D3800775127 /* location.png in Resources */,
				3AA753C310179559007B3E5C /* Erase.caf in Resources */,
				3AA7543210179E51007B3E5C /* color.png in Resources */,
				3AA7544F1017A0D9007B3E5C /* thumbnail0.png in Resources */,
				3AA754501017A0D9007B3E5C /* thumbnail1.png in Resources */,
				3AA754511017A0D9007B3E5C /* thumbnail2.png in Resources */,
				3AA754521017A0D9007B3E5C /* thumbnail3.png in Resources */,
				3A9BA4BC10183B8E006F7A3F /* small_thumbnail0.png in Resources */,
				3A9BA4BD10183B8E006F7A3F /* small_thumbnail1.png in Resources */,
				3A9BA4BE10183B8E006F7A3F /* small_thumbnail2.png in Resources */,
				3A9BA4BF10183B8E006F7A3F /* small_thumbnail3.png in Resources */,
				3AE3056C1018544400D43A02 /* Localizable.strings in Resources */,
				3AE3057F1018572600D43A02 /* Map.xib in Resources */,
			);
			runOnlyForDeploymentPostprocessing = 0;
		};
/* End PBXResourcesBuildPhase section */

/* Begin PBXSourcesBuildPhase section */
		1D60588E0D05DD3D006BFB54 /* Sources */ = {
			isa = PBXSourcesBuildPhase;
			buildActionMask = 2147483647;
			files = (
				1D60589B0D05DD56006BFB54 /* main.m in Sources */,
				3AC5BF7E101597BA00D062A4 /* Notitas.xcdatamodel in Sources */,
				3AC5BF991015986900D062A4 /* NotitasAppDelegate.m in Sources */,
				3AC5BF9A1015986900D062A4 /* RootViewController.m in Sources */,
				3AC5C01C1015AEC300D062A4 /* NoteCell.m in Sources */,
				3AC5C0561015B64600D062A4 /* NoteThumbnail.m in Sources */,
				3AC5C29E1015DD0E00D062A4 /* NoteEditor.m in Sources */,
				3A15C50110175D8C00ECB335 /* Map.m in Sources */,
				3AA753B910179455007B3E5C /* SoundEffect.m in Sources */,
				3AA7544710179F6E007B3E5C /* Note.m in Sources */,
			);
			runOnlyForDeploymentPostprocessing = 0;
		};
/* End PBXSourcesBuildPhase section */

/* Begin PBXVariantGroup section */
		3AE3056B1018544400D43A02 /* Localizable.strings */ = {
			isa = PBXVariantGroup;
			children = (
				3AE3056D1018544A00D43A02 /* fr */,
				3AE3056E1018544D00D43A02 /* es */,
				3AE3056F1018546C00D43A02 /* en */,
			);
			name = Localizable.strings;
			sourceTree = "<group>";
		};
/* End PBXVariantGroup section */

/* Begin XCBuildConfiguration section */
		1D6058940D05DD3E006BFB54 /* Debug */ = {
			isa = XCBuildConfiguration;
			buildSettings = {
				ALWAYS_SEARCH_USER_PATHS = NO;
				COPY_PHASE_STRIP = NO;
				GCC_DYNAMIC_NO_PIC = NO;
				GCC_OPTIMIZATION_LEVEL = 0;
				GCC_PRECOMPILE_PREFIX_HEADER = YES;
				GCC_PREFIX_HEADER = Notitas_Prefix.pch;
				GCC_TREAT_WARNINGS_AS_ERRORS = YES;
				INFOPLIST_FILE = "Notitas-Info.plist";
				PRODUCT_NAME = Notitas;
			};
			name = Debug;
		};
		1D6058950D05DD3E006BFB54 /* Release */ = {
			isa = XCBuildConfiguration;
			buildSettings = {
				ALWAYS_SEARCH_USER_PATHS = NO;
				COPY_PHASE_STRIP = YES;
				GCC_PRECOMPILE_PREFIX_HEADER = YES;
				GCC_PREFIX_HEADER = Notitas_Prefix.pch;
				GCC_TREAT_WARNINGS_AS_ERRORS = YES;
				INFOPLIST_FILE = "Notitas-Info.plist";
				PRODUCT_NAME = Notitas;
			};
			name = Release;
		};
		3AC5C3CB1015EC4000D062A4 /* Distribution Ad Hoc */ = {
			isa = XCBuildConfiguration;
			buildSettings = {
				ARCHS = "$(ARCHS_STANDARD_32_BIT)";
				"CODE_SIGN_IDENTITY[sdk=iphoneos*]" = "iPhone Developer";
				GCC_C_LANGUAGE_STANDARD = c99;
				GCC_WARN_ABOUT_RETURN_TYPE = YES;
				GCC_WARN_UNUSED_VARIABLE = YES;
				PREBINDING = NO;
				SDKROOT = iphoneos3.0;
			};
			name = "Distribution Ad Hoc";
		};
		3AC5C3CC1015EC4000D062A4 /* Distribution Ad Hoc */ = {
			isa = XCBuildConfiguration;
			buildSettings = {
				ALWAYS_SEARCH_USER_PATHS = NO;
				CODE_SIGN_ENTITLEMENTS = Resources/Entitlements.plist;
				"CODE_SIGN_IDENTITY[sdk=iphoneos*]" = "iPhone Distribution: Adrian Kosmaczewski";
				COPY_PHASE_STRIP = YES;
				GCC_PRECOMPILE_PREFIX_HEADER = YES;
				GCC_PREFIX_HEADER = Notitas_Prefix.pch;
				GCC_TREAT_WARNINGS_AS_ERRORS = YES;
				INFOPLIST_FILE = "Notitas-Info.plist";
				PRODUCT_NAME = Notitas;
				"PROVISIONING_PROFILE[sdk=iphoneos*]" = "429F1EFD-9759-4036-A7B4-5EC3B528FEA1";
			};
			name = "Distribution Ad Hoc";
		};
		C01FCF4F08A954540054247B /* Debug */ = {
			isa = XCBuildConfiguration;
			buildSettings = {
				ARCHS = "$(ARCHS_STANDARD_32_BIT)";
				"CODE_SIGN_IDENTITY[sdk=iphoneos*]" = "iPhone Developer";
				GCC_C_LANGUAGE_STANDARD = c99;
				GCC_WARN_ABOUT_RETURN_TYPE = YES;
				GCC_WARN_UNUSED_VARIABLE = YES;
				PREBINDING = NO;
				SDKROOT = iphoneos3.0;
			};
			name = Debug;
		};
		C01FCF5008A954540054247B /* Release */ = {
			isa = XCBuildConfiguration;
			buildSettings = {
				ARCHS = "$(ARCHS_STANDARD_32_BIT)";
				"CODE_SIGN_IDENTITY[sdk=iphoneos*]" = "iPhone Developer";
				GCC_C_LANGUAGE_STANDARD = c99;
				GCC_WARN_ABOUT_RETURN_TYPE = YES;
				GCC_WARN_UNUSED_VARIABLE = YES;
				PREBINDING = NO;
				SDKROOT = iphoneos3.0;
			};
			name = Release;
		};
/* End XCBuildConfiguration section */

/* Begin XCConfigurationList section */
		1D6058960D05DD3E006BFB54 /* Build configuration list for PBXNativeTarget "Notitas" */ = {
			isa = XCConfigurationList;
			buildConfigurations = (
				1D6058940D05DD3E006BFB54 /* Debug */,
				1D6058950D05DD3E006BFB54 /* Release */,
				3AC5C3CC1015EC4000D062A4 /* Distribution Ad Hoc */,
			);
			defaultConfigurationIsVisible = 0;
			defaultConfigurationName = Release;
		};
		C01FCF4E08A954540054247B /* Build configuration list for PBXProject "Notitas" */ = {
			isa = XCConfigurationList;
			buildConfigurations = (
				C01FCF4F08A954540054247B /* Debug */,
				C01FCF5008A954540054247B /* Release */,
				3AC5C3CB1015EC4000D062A4 /* Distribution Ad Hoc */,
			);
			defaultConfigurationIsVisible = 0;
			defaultConfigurationName = Release;
		};
/* End XCConfigurationList section */
	};
	rootObject = 29B97313FDCFA39411CA2CEA /* Project object */;
}
