// !$*UTF8*$!
{
	archiveVersion = 1;
	classes = {
	};
	objectVersion = 46;
	objects = {

/* Begin PBXBuildFile section */
		1D60589B0D05DD56006BFB54 /* main.m in Sources */ = {isa = PBXBuildFile; fileRef = 29B97316FDCFA39411CA2CEA /* main.m */; };
		1D60589F0D05DD5A006BFB54 /* Foundation.framework in Frameworks */ = {isa = PBXBuildFile; fileRef = 1D30AB110D05D00D00671497 /* Foundation.framework */; };
		1DF5F4E00D08C38300B7A737 /* UIKit.framework in Frameworks */ = {isa = PBXBuildFile; fileRef = 1DF5F4DF0D08C38300B7A737 /* UIKit.framework */; };
		28860BE50F44EE6400985440 /* CoreData.framework in Frameworks */ = {isa = PBXBuildFile; fileRef = 28860BE40F44EE6400985440 /* CoreData.framework */; };
		2892E4100DC94CBA00A64D0F /* CoreGraphics.framework in Frameworks */ = {isa = PBXBuildFile; fileRef = 2892E40F0DC94CBA00A64D0F /* CoreGraphics.framework */; };
		3A15C47D101754B600ECB335 /* MessageUI.framework in Frameworks */ = {isa = PBXBuildFile; fileRef = 3A15C47C101754B600ECB335 /* MessageUI.framework */; };
		3A15C4BF10175AA500ECB335 /* CoreLocation.framework in Frameworks */ = {isa = PBXBuildFile; fileRef = 3A15C4BE10175AA500ECB335 /* CoreLocation.framework */; };
		3A15C4C310175AB700ECB335 /* MapKit.framework in Frameworks */ = {isa = PBXBuildFile; fileRef = 3A15C4C210175AB700ECB335 /* MapKit.framework */; };
		3A15C50110175D8C00ECB335 /* Map.m in Sources */ = {isa = PBXBuildFile; fileRef = 3A15C50010175D8B00ECB335 /* Map.m */; };
		3A1BDFEE10177D3800775127 /* location.png in Resources */ = {isa = PBXBuildFile; fileRef = 3A1BDFED10177D3800775127 /* location.png */; };
		3A1F0D0E1423C27F00BEBE5E /* Default@2x.png in Resources */ = {isa = PBXBuildFile; fileRef = 3A1F0D0D1423C27F00BEBE5E /* Default@2x.png */; };
		3A1F0D161423C5E800BEBE5E /* Icon-72.png in Resources */ = {isa = PBXBuildFile; fileRef = 3A1F0D0F1423C5E800BEBE5E /* Icon-72.png */; };
		3A1F0D171423C5E800BEBE5E /* Icon-Small-50.png in Resources */ = {isa = PBXBuildFile; fileRef = 3A1F0D101423C5E800BEBE5E /* Icon-Small-50.png */; };
		3A1F0D181423C5E800BEBE5E /* Icon-Small.png in Resources */ = {isa = PBXBuildFile; fileRef = 3A1F0D111423C5E800BEBE5E /* Icon-Small.png */; };
		3A1F0D191423C5E800BEBE5E /* Icon-Small@2x.png in Resources */ = {isa = PBXBuildFile; fileRef = 3A1F0D121423C5E800BEBE5E /* Icon-Small@2x.png */; };
		3A1F0D1A1423C5E800BEBE5E /* Icon.png in Resources */ = {isa = PBXBuildFile; fileRef = 3A1F0D131423C5E800BEBE5E /* Icon.png */; };
		3A1F0D1B1423C5E800BEBE5E /* Icon@2x.png in Resources */ = {isa = PBXBuildFile; fileRef = 3A1F0D141423C5E800BEBE5E /* Icon@2x.png */; };
		3A1F0D1C1423C5E800BEBE5E /* iTunesArtwork in Resources */ = {isa = PBXBuildFile; fileRef = 3A1F0D151423C5E800BEBE5E /* iTunesArtwork */; };
		3A1F0D351423D41800BEBE5E /* MainWindow-iPad.xib in Resources */ = {isa = PBXBuildFile; fileRef = 3A1F0D341423D41800BEBE5E /* MainWindow-iPad.xib */; };
		3A1F0D371423D4EF00BEBE5E /* Default-Portrait.png in Resources */ = {isa = PBXBuildFile; fileRef = 3A1F0D361423D4EF00BEBE5E /* Default-Portrait.png */; };
		3A1F0D3B1423D54500BEBE5E /* RootViewControllerPad.m in Sources */ = {isa = PBXBuildFile; fileRef = 3A1F0D3A1423D54500BEBE5E /* RootViewControllerPad.m */; };
		3A4D6B7F1098280000F3DB45 /* Appirater.m in Sources */ = {isa = PBXBuildFile; fileRef = 3A4D6B7D1098280000F3DB45 /* Appirater.m */; };
		3A4D6B801098280000F3DB45 /* README in Resources */ = {isa = PBXBuildFile; fileRef = 3A4D6B7E1098280000F3DB45 /* README */; };
		3A4E1B83108BA8BA00FF1E9F /* Settings.bundle in Resources */ = {isa = PBXBuildFile; fileRef = 3A4E1B81108BA8BA00FF1E9F /* Settings.bundle */; };
		3A4E1B84108BA8BA00FF1E9F /* TwitterClients.plist in Resources */ = {isa = PBXBuildFile; fileRef = 3A4E1B82108BA8BA00FF1E9F /* TwitterClients.plist */; };
		3A4E1B8F108BA8D700FF1E9F /* TwitterClient.m in Sources */ = {isa = PBXBuildFile; fileRef = 3A4E1B8C108BA8D700FF1E9F /* TwitterClient.m */; };
		3A4E1B90108BA8D700FF1E9F /* TwitterClientManager.m in Sources */ = {isa = PBXBuildFile; fileRef = 3A4E1B8E108BA8D700FF1E9F /* TwitterClientManager.m */; };
		3A60092E142381B9003B5B43 /* AKOLibrary.framework in Frameworks */ = {isa = PBXBuildFile; fileRef = 3A60092D142381B9003B5B43 /* AKOLibrary.framework */; };
		3A600930142381FC003B5B43 /* libz.1.2.3.dylib in Frameworks */ = {isa = PBXBuildFile; fileRef = 3A60092F142381FC003B5B43 /* libz.1.2.3.dylib */; };
		3A60093214238209003B5B43 /* MediaPlayer.framework in Frameworks */ = {isa = PBXBuildFile; fileRef = 3A60093114238209003B5B43 /* MediaPlayer.framework */; };
		3A60093414238218003B5B43 /* CFNetwork.framework in Frameworks */ = {isa = PBXBuildFile; fileRef = 3A60093314238218003B5B43 /* CFNetwork.framework */; };
		3A60093614238222003B5B43 /* CoreText.framework in Frameworks */ = {isa = PBXBuildFile; fileRef = 3A60093514238222003B5B43 /* CoreText.framework */; };
		3A6009381423822C003B5B43 /* MobileCoreServices.framework in Frameworks */ = {isa = PBXBuildFile; fileRef = 3A6009371423822C003B5B43 /* MobileCoreServices.framework */; };
		3A60093B14238239003B5B43 /* QuartzCore.framework in Frameworks */ = {isa = PBXBuildFile; fileRef = 3A60093914238239003B5B43 /* QuartzCore.framework */; };
		3A60093C14238239003B5B43 /* Security.framework in Frameworks */ = {isa = PBXBuildFile; fileRef = 3A60093A14238239003B5B43 /* Security.framework */; };
		3A68EFF214238B83008DC819 /* MNOCoreDataManager.m in Sources */ = {isa = PBXBuildFile; fileRef = 3A68EFF114238B83008DC819 /* MNOCoreDataManager.m */; };
		3A68EFFA14238EB1008DC819 /* Notitas.xcdatamodeld in Sources */ = {isa = PBXBuildFile; fileRef = 3A68EFF814238EB1008DC819 /* Notitas.xcdatamodeld */; };
		3A7761D41018A73E009F0CD1 /* SystemConfiguration.framework in Frameworks */ = {isa = PBXBuildFile; fileRef = 3A7761D31018A73E009F0CD1 /* SystemConfiguration.framework */; };
		3A7892361425F94E004B07F0 /* background_ipad.jpg in Resources */ = {isa = PBXBuildFile; fileRef = 3A7892341425F94E004B07F0 /* background_ipad.jpg */; };
		3A7892371425F94E004B07F0 /* Default-Landscape.png in Resources */ = {isa = PBXBuildFile; fileRef = 3A7892351425F94E004B07F0 /* Default-Landscape.png */; };
		3A789242142649F8004B07F0 /* UIView+MNOExtensions.m in Sources */ = {isa = PBXBuildFile; fileRef = 3A789241142649F8004B07F0 /* UIView+MNOExtensions.m */; };
		3A7892451426552A004B07F0 /* MapControllerPad.m in Sources */ = {isa = PBXBuildFile; fileRef = 3A7892441426552A004B07F0 /* MapControllerPad.m */; };
		3A7892471426556B004B07F0 /* MapControllerPad.xib in Resources */ = {isa = PBXBuildFile; fileRef = 3A7892461426556B004B07F0 /* MapControllerPad.xib */; };
		3A9BA4BC10183B8E006F7A3F /* small_thumbnail0.png in Resources */ = {isa = PBXBuildFile; fileRef = 3A9BA4B810183B8E006F7A3F /* small_thumbnail0.png */; };
		3A9BA4BD10183B8E006F7A3F /* small_thumbnail1.png in Resources */ = {isa = PBXBuildFile; fileRef = 3A9BA4B910183B8E006F7A3F /* small_thumbnail1.png */; };
		3A9BA4BE10183B8E006F7A3F /* small_thumbnail2.png in Resources */ = {isa = PBXBuildFile; fileRef = 3A9BA4BA10183B8E006F7A3F /* small_thumbnail2.png */; };
		3A9BA4BF10183B8E006F7A3F /* small_thumbnail3.png in Resources */ = {isa = PBXBuildFile; fileRef = 3A9BA4BB10183B8E006F7A3F /* small_thumbnail3.png */; };
		3AA753C310179559007B3E5C /* Erase.caf in Resources */ = {isa = PBXBuildFile; fileRef = 3AA753C210179559007B3E5C /* Erase.caf */; };
		3AA753E610179806007B3E5C /* AudioToolbox.framework in Frameworks */ = {isa = PBXBuildFile; fileRef = 3AA753E510179806007B3E5C /* AudioToolbox.framework */; };
		3AA7543210179E51007B3E5C /* color.png in Resources */ = {isa = PBXBuildFile; fileRef = 3AA7543110179E51007B3E5C /* color.png */; };
		3AA7544710179F6E007B3E5C /* Note.m in Sources */ = {isa = PBXBuildFile; fileRef = 3AA7544610179F6E007B3E5C /* Note.m */; };
		3AC5BF7C101597BA00D062A4 /* MainWindow.xib in Resources */ = {isa = PBXBuildFile; fileRef = 3AC5BF79101597BA00D062A4 /* MainWindow.xib */; };
		3AC5BF991015986900D062A4 /* NotitasAppDelegate.m in Sources */ = {isa = PBXBuildFile; fileRef = 3AC5BF931015986900D062A4 /* NotitasAppDelegate.m */; };
		3AC5BF9A1015986900D062A4 /* RootViewController.m in Sources */ = {isa = PBXBuildFile; fileRef = 3AC5BF961015986900D062A4 /* RootViewController.m */; };
		3AC5C01C1015AEC300D062A4 /* NoteCell.m in Sources */ = {isa = PBXBuildFile; fileRef = 3AC5C01B1015AEC300D062A4 /* NoteCell.m */; };
		3AC5C0561015B64600D062A4 /* NoteThumbnail.m in Sources */ = {isa = PBXBuildFile; fileRef = 3AC5C0551015B64600D062A4 /* NoteThumbnail.m */; };
		3AC5C2971015DC6D00D062A4 /* NoteEditor.xib in Resources */ = {isa = PBXBuildFile; fileRef = 3AC5C2951015DC6D00D062A4 /* NoteEditor.xib */; };
		3AC5C29E1015DD0E00D062A4 /* NoteEditor.m in Sources */ = {isa = PBXBuildFile; fileRef = 3AC5C29D1015DD0E00D062A4 /* NoteEditor.m */; };
		3AC5C3F41015EEE300D062A4 /* Default.png in Resources */ = {isa = PBXBuildFile; fileRef = 3AC5C3F31015EEE300D062A4 /* Default.png */; };
		3AD3F640142391B600812023 /* MNOSoundManager.m in Sources */ = {isa = PBXBuildFile; fileRef = 3AD3F63F142391B600812023 /* MNOSoundManager.m */; };
		3ADFDB7814271BF800EC98C6 /* 02-redo.png in Resources */ = {isa = PBXBuildFile; fileRef = 3ADFDB7414271BF800EC98C6 /* 02-redo.png */; };
		3ADFDB7914271BF800EC98C6 /* 02-redo@2x.png in Resources */ = {isa = PBXBuildFile; fileRef = 3ADFDB7514271BF800EC98C6 /* 02-redo@2x.png */; };
		3ADFDB7A14271BF800EC98C6 /* 103-map.png in Resources */ = {isa = PBXBuildFile; fileRef = 3ADFDB7614271BF800EC98C6 /* 103-map.png */; };
		3ADFDB7B14271BF800EC98C6 /* 103-map@2x.png in Resources */ = {isa = PBXBuildFile; fileRef = 3ADFDB7714271BF800EC98C6 /* 103-map@2x.png */; };
		3ADFDB881427203800EC98C6 /* 216-compose.png in Resources */ = {isa = PBXBuildFile; fileRef = 3ADFDB7C1427203800EC98C6 /* 216-compose.png */; };
		3ADFDB891427203800EC98C6 /* 216-compose@2x.png in Resources */ = {isa = PBXBuildFile; fileRef = 3ADFDB7D1427203800EC98C6 /* 216-compose@2x.png */; };
		3ADFDB8A1427203800EC98C6 /* color.png in Resources */ = {isa = PBXBuildFile; fileRef = 3ADFDB7E1427203800EC98C6 /* color.png */; };
		3ADFDB8B1427203800EC98C6 /* color@2x.png in Resources */ = {isa = PBXBuildFile; fileRef = 3ADFDB7F1427203800EC98C6 /* color@2x.png */; };
		3ADFDB8C1427203800EC98C6 /* location.png in Resources */ = {isa = PBXBuildFile; fileRef = 3ADFDB801427203800EC98C6 /* location.png */; };
		3ADFDB8D1427203800EC98C6 /* location@2x.png in Resources */ = {isa = PBXBuildFile; fileRef = 3ADFDB811427203800EC98C6 /* location@2x.png */; };
		3ADFDB941427212800EC98C6 /* font@2x.png in Resources */ = {isa = PBXBuildFile; fileRef = 3ADFDB931427212800EC98C6 /* font@2x.png */; };
		3ADFDB9714272B5C00EC98C6 /* 213-reply.png in Resources */ = {isa = PBXBuildFile; fileRef = 3ADFDB9514272B5C00EC98C6 /* 213-reply.png */; };
		3ADFDB9814272B5C00EC98C6 /* 213-reply@2x.png in Resources */ = {isa = PBXBuildFile; fileRef = 3ADFDB9614272B5C00EC98C6 /* 213-reply@2x.png */; };
		3AE3056C1018544400D43A02 /* Localizable.strings in Resources */ = {isa = PBXBuildFile; fileRef = 3AE3056B1018544400D43A02 /* Localizable.strings */; };
		3AE3057F1018572600D43A02 /* Map.xib in Resources */ = {isa = PBXBuildFile; fileRef = 3AE3057E1018572600D43A02 /* Map.xib */; };
		3AE3059910185A6800D43A02 /* font.png in Resources */ = {isa = PBXBuildFile; fileRef = 3AE3059810185A6800D43A02 /* font.png */; };
/* End PBXBuildFile section */

/* Begin PBXFileReference section */
		1D30AB110D05D00D00671497 /* Foundation.framework */ = {isa = PBXFileReference; lastKnownFileType = wrapper.framework; name = Foundation.framework; path = System/Library/Frameworks/Foundation.framework; sourceTree = SDKROOT; };
		1D6058910D05DD3D006BFB54 /* Notitas.app */ = {isa = PBXFileReference; explicitFileType = wrapper.application; includeInIndex = 0; path = Notitas.app; sourceTree = BUILT_PRODUCTS_DIR; };
		1DF5F4DF0D08C38300B7A737 /* UIKit.framework */ = {isa = PBXFileReference; lastKnownFileType = wrapper.framework; name = UIKit.framework; path = System/Library/Frameworks/UIKit.framework; sourceTree = SDKROOT; };
		28860BE40F44EE6400985440 /* CoreData.framework */ = {isa = PBXFileReference; lastKnownFileType = wrapper.framework; name = CoreData.framework; path = System/Library/Frameworks/CoreData.framework; sourceTree = SDKROOT; };
		2892E40F0DC94CBA00A64D0F /* CoreGraphics.framework */ = {isa = PBXFileReference; lastKnownFileType = wrapper.framework; name = CoreGraphics.framework; path = System/Library/Frameworks/CoreGraphics.framework; sourceTree = SDKROOT; };
		28A0AAE50D9B0CCF005BE974 /* Notitas_Prefix.pch */ = {isa = PBXFileReference; fileEncoding = 4; lastKnownFileType = sourcecode.c.h; path = Notitas_Prefix.pch; sourceTree = "<group>"; };
		29B97316FDCFA39411CA2CEA /* main.m */ = {isa = PBXFileReference; fileEncoding = 4; lastKnownFileType = sourcecode.c.objc; path = main.m; sourceTree = "<group>"; };
		3A15C47C101754B600ECB335 /* MessageUI.framework */ = {isa = PBXFileReference; lastKnownFileType = wrapper.framework; name = MessageUI.framework; path = System/Library/Frameworks/MessageUI.framework; sourceTree = SDKROOT; };
		3A15C4BE10175AA500ECB335 /* CoreLocation.framework */ = {isa = PBXFileReference; lastKnownFileType = wrapper.framework; name = CoreLocation.framework; path = System/Library/Frameworks/CoreLocation.framework; sourceTree = SDKROOT; };
		3A15C4C210175AB700ECB335 /* MapKit.framework */ = {isa = PBXFileReference; lastKnownFileType = wrapper.framework; name = MapKit.framework; path = System/Library/Frameworks/MapKit.framework; sourceTree = SDKROOT; };
		3A15C4FF10175D8B00ECB335 /* Map.h */ = {isa = PBXFileReference; fileEncoding = 4; lastKnownFileType = sourcecode.c.h; path = Map.h; sourceTree = "<group>"; };
		3A15C50010175D8B00ECB335 /* Map.m */ = {isa = PBXFileReference; fileEncoding = 4; lastKnownFileType = sourcecode.c.objc; path = Map.m; sourceTree = "<group>"; };
		3A1BDFED10177D3800775127 /* location.png */ = {isa = PBXFileReference; lastKnownFileType = image.png; path = location.png; sourceTree = "<group>"; };
		3A1F0D0D1423C27F00BEBE5E /* Default@2x.png */ = {isa = PBXFileReference; lastKnownFileType = image.png; path = "Default@2x.png"; sourceTree = "<group>"; };
		3A1F0D0F1423C5E800BEBE5E /* Icon-72.png */ = {isa = PBXFileReference; lastKnownFileType = image.png; path = "Icon-72.png"; sourceTree = "<group>"; };
		3A1F0D101423C5E800BEBE5E /* Icon-Small-50.png */ = {isa = PBXFileReference; lastKnownFileType = image.png; path = "Icon-Small-50.png"; sourceTree = "<group>"; };
		3A1F0D111423C5E800BEBE5E /* Icon-Small.png */ = {isa = PBXFileReference; lastKnownFileType = image.png; path = "Icon-Small.png"; sourceTree = "<group>"; };
		3A1F0D121423C5E800BEBE5E /* Icon-Small@2x.png */ = {isa = PBXFileReference; lastKnownFileType = image.png; path = "Icon-Small@2x.png"; sourceTree = "<group>"; };
		3A1F0D131423C5E800BEBE5E /* Icon.png */ = {isa = PBXFileReference; lastKnownFileType = image.png; path = Icon.png; sourceTree = "<group>"; };
		3A1F0D141423C5E800BEBE5E /* Icon@2x.png */ = {isa = PBXFileReference; lastKnownFileType = image.png; path = "Icon@2x.png"; sourceTree = "<group>"; };
		3A1F0D151423C5E800BEBE5E /* iTunesArtwork */ = {isa = PBXFileReference; lastKnownFileType = file; path = iTunesArtwork; sourceTree = "<group>"; };
		3A1F0D1D1423C8A500BEBE5E /* Entitlements.entitlements */ = {isa = PBXFileReference; lastKnownFileType = text.xml; path = Entitlements.entitlements; sourceTree = "<group>"; };
		3A1F0D341423D41800BEBE5E /* MainWindow-iPad.xib */ = {isa = PBXFileReference; lastKnownFileType = file.xib; name = "MainWindow-iPad.xib"; path = "Resources/NIBs/iPad/MainWindow-iPad.xib"; sourceTree = "<group>"; };
		3A1F0D361423D4EF00BEBE5E /* Default-Portrait.png */ = {isa = PBXFileReference; lastKnownFileType = image.png; name = "Default-Portrait.png"; path = "Resources/NIBs/iPad/Default-Portrait.png"; sourceTree = "<group>"; };
		3A1F0D391423D54500BEBE5E /* RootViewControllerPad.h */ = {isa = PBXFileReference; fileEncoding = 4; lastKnownFileType = sourcecode.c.h; path = RootViewControllerPad.h; sourceTree = "<group>"; };
		3A1F0D3A1423D54500BEBE5E /* RootViewControllerPad.m */ = {isa = PBXFileReference; fileEncoding = 4; lastKnownFileType = sourcecode.c.objc; path = RootViewControllerPad.m; sourceTree = "<group>"; };
		3A4D6B7C1098280000F3DB45 /* Appirater.h */ = {isa = PBXFileReference; fileEncoding = 4; lastKnownFileType = sourcecode.c.h; path = Appirater.h; sourceTree = "<group>"; };
		3A4D6B7D1098280000F3DB45 /* Appirater.m */ = {isa = PBXFileReference; fileEncoding = 4; lastKnownFileType = sourcecode.c.objc; path = Appirater.m; sourceTree = "<group>"; };
		3A4D6B7E1098280000F3DB45 /* README */ = {isa = PBXFileReference; fileEncoding = 4; lastKnownFileType = text; path = README; sourceTree = "<group>"; };
		3A4E1B14108B9B7700FF1E9F /* de */ = {isa = PBXFileReference; lastKnownFileType = text.plist.strings; name = de; path = de.lproj/Localizable.strings; sourceTree = "<group>"; };
		3A4E1B81108BA8BA00FF1E9F /* Settings.bundle */ = {isa = PBXFileReference; lastKnownFileType = "wrapper.plug-in"; path = Settings.bundle; sourceTree = "<group>"; };
		3A4E1B82108BA8BA00FF1E9F /* TwitterClients.plist */ = {isa = PBXFileReference; fileEncoding = 4; lastKnownFileType = text.plist.xml; path = TwitterClients.plist; sourceTree = "<group>"; };
		3A4E1B8B108BA8D700FF1E9F /* TwitterClient.h */ = {isa = PBXFileReference; fileEncoding = 4; lastKnownFileType = sourcecode.c.h; path = TwitterClient.h; sourceTree = "<group>"; };
		3A4E1B8C108BA8D700FF1E9F /* TwitterClient.m */ = {isa = PBXFileReference; fileEncoding = 4; lastKnownFileType = sourcecode.c.objc; path = TwitterClient.m; sourceTree = "<group>"; };
		3A4E1B8D108BA8D700FF1E9F /* TwitterClientManager.h */ = {isa = PBXFileReference; fileEncoding = 4; lastKnownFileType = sourcecode.c.h; path = TwitterClientManager.h; sourceTree = "<group>"; };
		3A4E1B8E108BA8D700FF1E9F /* TwitterClientManager.m */ = {isa = PBXFileReference; fileEncoding = 4; lastKnownFileType = sourcecode.c.objc; path = TwitterClientManager.m; sourceTree = "<group>"; };
		3A4E1B91108BA8E300FF1E9F /* Definitions.h */ = {isa = PBXFileReference; fileEncoding = 4; lastKnownFileType = sourcecode.c.h; path = Definitions.h; sourceTree = "<group>"; };
		3A60092D142381B9003B5B43 /* AKOLibrary.framework */ = {isa = PBXFileReference; lastKnownFileType = wrapper.framework; name = AKOLibrary.framework; path = Externals/AKOLibrary.framework; sourceTree = "<group>"; };
		3A60092F142381FC003B5B43 /* libz.1.2.3.dylib */ = {isa = PBXFileReference; lastKnownFileType = "compiled.mach-o.dylib"; name = libz.1.2.3.dylib; path = usr/lib/libz.1.2.3.dylib; sourceTree = SDKROOT; };
		3A60093114238209003B5B43 /* MediaPlayer.framework */ = {isa = PBXFileReference; lastKnownFileType = wrapper.framework; name = MediaPlayer.framework; path = System/Library/Frameworks/MediaPlayer.framework; sourceTree = SDKROOT; };
		3A60093314238218003B5B43 /* CFNetwork.framework */ = {isa = PBXFileReference; lastKnownFileType = wrapper.framework; name = CFNetwork.framework; path = System/Library/Frameworks/CFNetwork.framework; sourceTree = SDKROOT; };
		3A60093514238222003B5B43 /* CoreText.framework */ = {isa = PBXFileReference; lastKnownFileType = wrapper.framework; name = CoreText.framework; path = System/Library/Frameworks/CoreText.framework; sourceTree = SDKROOT; };
		3A6009371423822C003B5B43 /* MobileCoreServices.framework */ = {isa = PBXFileReference; lastKnownFileType = wrapper.framework; name = MobileCoreServices.framework; path = System/Library/Frameworks/MobileCoreServices.framework; sourceTree = SDKROOT; };
		3A60093914238239003B5B43 /* QuartzCore.framework */ = {isa = PBXFileReference; lastKnownFileType = wrapper.framework; name = QuartzCore.framework; path = System/Library/Frameworks/QuartzCore.framework; sourceTree = SDKROOT; };
		3A60093A14238239003B5B43 /* Security.framework */ = {isa = PBXFileReference; lastKnownFileType = wrapper.framework; name = Security.framework; path = System/Library/Frameworks/Security.framework; sourceTree = SDKROOT; };
		3A60093D14238244003B5B43 /* SystemConfiguration.framework */ = {isa = PBXFileReference; lastKnownFileType = wrapper.framework; name = SystemConfiguration.framework; path = System/Library/Frameworks/SystemConfiguration.framework; sourceTree = SDKROOT; };
		3A68EFF014238B83008DC819 /* MNOCoreDataManager.h */ = {isa = PBXFileReference; fileEncoding = 4; lastKnownFileType = sourcecode.c.h; path = MNOCoreDataManager.h; sourceTree = "<group>"; };
		3A68EFF114238B83008DC819 /* MNOCoreDataManager.m */ = {isa = PBXFileReference; fileEncoding = 4; lastKnownFileType = sourcecode.c.objc; path = MNOCoreDataManager.m; sourceTree = "<group>"; };
		3A68EFF914238EB1008DC819 /* Notitas.xcdatamodel */ = {isa = PBXFileReference; lastKnownFileType = wrapper.xcdatamodel; path = Notitas.xcdatamodel; sourceTree = "<group>"; };
		3A68EFFB14238F38008DC819 /* Notitas 2.xcdatamodel */ = {isa = PBXFileReference; lastKnownFileType = wrapper.xcdatamodel; path = "Notitas 2.xcdatamodel"; sourceTree = "<group>"; };
		3A68EFFC14239015008DC819 /* MNOHelpers.h */ = {isa = PBXFileReference; fileEncoding = 4; lastKnownFileType = sourcecode.c.h; path = MNOHelpers.h; sourceTree = "<group>"; };
		3A7761D31018A73E009F0CD1 /* SystemConfiguration.framework */ = {isa = PBXFileReference; lastKnownFileType = wrapper.framework; name = SystemConfiguration.framework; path = System/Library/Frameworks/SystemConfiguration.framework; sourceTree = SDKROOT; };
		3A7892341425F94E004B07F0 /* background_ipad.jpg */ = {isa = PBXFileReference; lastKnownFileType = image.jpeg; name = background_ipad.jpg; path = Resources/NIBs/iPad/background_ipad.jpg; sourceTree = "<group>"; };
		3A7892351425F94E004B07F0 /* Default-Landscape.png */ = {isa = PBXFileReference; lastKnownFileType = image.png; name = "Default-Landscape.png"; path = "Resources/NIBs/iPad/Default-Landscape.png"; sourceTree = "<group>"; };
		3A789240142649F8004B07F0 /* UIView+MNOExtensions.h */ = {isa = PBXFileReference; fileEncoding = 4; lastKnownFileType = sourcecode.c.h; path = "UIView+MNOExtensions.h"; sourceTree = "<group>"; };
		3A789241142649F8004B07F0 /* UIView+MNOExtensions.m */ = {isa = PBXFileReference; fileEncoding = 4; lastKnownFileType = sourcecode.c.objc; path = "UIView+MNOExtensions.m"; sourceTree = "<group>"; };
		3A7892431426552A004B07F0 /* MapControllerPad.h */ = {isa = PBXFileReference; fileEncoding = 4; lastKnownFileType = sourcecode.c.h; path = MapControllerPad.h; sourceTree = "<group>"; };
		3A7892441426552A004B07F0 /* MapControllerPad.m */ = {isa = PBXFileReference; fileEncoding = 4; lastKnownFileType = sourcecode.c.objc; path = MapControllerPad.m; sourceTree = "<group>"; };
		3A7892461426556B004B07F0 /* MapControllerPad.xib */ = {isa = PBXFileReference; fileEncoding = 4; lastKnownFileType = file.xib; name = MapControllerPad.xib; path = Resources/NIBs/iPad/MapControllerPad.xib; sourceTree = "<group>"; };
		3A9BA4B810183B8E006F7A3F /* small_thumbnail0.png */ = {isa = PBXFileReference; lastKnownFileType = image.png; path = small_thumbnail0.png; sourceTree = "<group>"; };
		3A9BA4B910183B8E006F7A3F /* small_thumbnail1.png */ = {isa = PBXFileReference; lastKnownFileType = image.png; path = small_thumbnail1.png; sourceTree = "<group>"; };
		3A9BA4BA10183B8E006F7A3F /* small_thumbnail2.png */ = {isa = PBXFileReference; lastKnownFileType = image.png; path = small_thumbnail2.png; sourceTree = "<group>"; };
		3A9BA4BB10183B8E006F7A3F /* small_thumbnail3.png */ = {isa = PBXFileReference; lastKnownFileType = image.png; path = small_thumbnail3.png; sourceTree = "<group>"; };
		3AA753C210179559007B3E5C /* Erase.caf */ = {isa = PBXFileReference; lastKnownFileType = file; path = Erase.caf; sourceTree = "<group>"; };
		3AA753E510179806007B3E5C /* AudioToolbox.framework */ = {isa = PBXFileReference; lastKnownFileType = wrapper.framework; name = AudioToolbox.framework; path = System/Library/Frameworks/AudioToolbox.framework; sourceTree = SDKROOT; };
		3AA7543110179E51007B3E5C /* color.png */ = {isa = PBXFileReference; lastKnownFileType = image.png; path = color.png; sourceTree = "<group>"; };
		3AA7544510179F6E007B3E5C /* Note.h */ = {isa = PBXFileReference; fileEncoding = 4; lastKnownFileType = sourcecode.c.h; path = Note.h; sourceTree = "<group>"; };
		3AA7544610179F6E007B3E5C /* Note.m */ = {isa = PBXFileReference; fileEncoding = 4; lastKnownFileType = sourcecode.c.objc; path = Note.m; sourceTree = "<group>"; };
		3AA7545D1017A1B7007B3E5C /* ColorCode.h */ = {isa = PBXFileReference; fileEncoding = 4; lastKnownFileType = sourcecode.c.h; path = ColorCode.h; sourceTree = "<group>"; };
		3AC5BF79101597BA00D062A4 /* MainWindow.xib */ = {isa = PBXFileReference; lastKnownFileType = file.xib; path = MainWindow.xib; sourceTree = "<group>"; };
		3AC5BF921015986900D062A4 /* NotitasAppDelegate.h */ = {isa = PBXFileReference; fileEncoding = 4; lastKnownFileType = sourcecode.c.h; path = NotitasAppDelegate.h; sourceTree = "<group>"; };
		3AC5BF931015986900D062A4 /* NotitasAppDelegate.m */ = {isa = PBXFileReference; fileEncoding = 4; lastKnownFileType = sourcecode.c.objc; path = NotitasAppDelegate.m; sourceTree = "<group>"; };
		3AC5BF951015986900D062A4 /* RootViewController.h */ = {isa = PBXFileReference; fileEncoding = 4; lastKnownFileType = sourcecode.c.h; path = RootViewController.h; sourceTree = "<group>"; };
		3AC5BF961015986900D062A4 /* RootViewController.m */ = {isa = PBXFileReference; fileEncoding = 4; lastKnownFileType = sourcecode.c.objc; path = RootViewController.m; sourceTree = "<group>"; };
		3AC5C01A1015AEC300D062A4 /* NoteCell.h */ = {isa = PBXFileReference; fileEncoding = 4; lastKnownFileType = sourcecode.c.h; path = NoteCell.h; sourceTree = "<group>"; };
		3AC5C01B1015AEC300D062A4 /* NoteCell.m */ = {isa = PBXFileReference; fileEncoding = 4; lastKnownFileType = sourcecode.c.objc; path = NoteCell.m; sourceTree = "<group>"; };
		3AC5C0541015B64600D062A4 /* NoteThumbnail.h */ = {isa = PBXFileReference; fileEncoding = 4; lastKnownFileType = sourcecode.c.h; path = NoteThumbnail.h; sourceTree = "<group>"; };
		3AC5C0551015B64600D062A4 /* NoteThumbnail.m */ = {isa = PBXFileReference; fileEncoding = 4; lastKnownFileType = sourcecode.c.objc; path = NoteThumbnail.m; sourceTree = "<group>"; };
		3AC5C1C11015D18300D062A4 /* NoteCellDelegate.h */ = {isa = PBXFileReference; fileEncoding = 4; lastKnownFileType = sourcecode.c.h; path = NoteCellDelegate.h; sourceTree = "<group>"; };
		3AC5C2951015DC6D00D062A4 /* NoteEditor.xib */ = {isa = PBXFileReference; lastKnownFileType = file.xib; path = NoteEditor.xib; sourceTree = "<group>"; };
		3AC5C29C1015DD0E00D062A4 /* NoteEditor.h */ = {isa = PBXFileReference; fileEncoding = 4; lastKnownFileType = sourcecode.c.h; path = NoteEditor.h; sourceTree = "<group>"; };
		3AC5C29D1015DD0E00D062A4 /* NoteEditor.m */ = {isa = PBXFileReference; fileEncoding = 4; lastKnownFileType = sourcecode.c.objc; path = NoteEditor.m; sourceTree = "<group>"; };
		3AC5C2F01015E21400D062A4 /* NoteEditorDelegate.h */ = {isa = PBXFileReference; fileEncoding = 4; lastKnownFileType = sourcecode.c.h; path = NoteEditorDelegate.h; sourceTree = "<group>"; };
		3AC5C3F31015EEE300D062A4 /* Default.png */ = {isa = PBXFileReference; lastKnownFileType = image.png; path = Default.png; sourceTree = "<group>"; };
		3AD3F63E142391B600812023 /* MNOSoundManager.h */ = {isa = PBXFileReference; fileEncoding = 4; lastKnownFileType = sourcecode.c.h; path = MNOSoundManager.h; sourceTree = "<group>"; };
		3AD3F63F142391B600812023 /* MNOSoundManager.m */ = {isa = PBXFileReference; fileEncoding = 4; lastKnownFileType = sourcecode.c.objc; path = MNOSoundManager.m; sourceTree = "<group>"; };
		3ADFDB7414271BF800EC98C6 /* 02-redo.png */ = {isa = PBXFileReference; lastKnownFileType = image.png; name = "02-redo.png"; path = "Resources/NIBs/iPad/02-redo.png"; sourceTree = "<group>"; };
		3ADFDB7514271BF800EC98C6 /* 02-redo@2x.png */ = {isa = PBXFileReference; lastKnownFileType = image.png; name = "02-redo@2x.png"; path = "Resources/NIBs/iPad/02-redo@2x.png"; sourceTree = "<group>"; };
		3ADFDB7614271BF800EC98C6 /* 103-map.png */ = {isa = PBXFileReference; lastKnownFileType = image.png; name = "103-map.png"; path = "Resources/NIBs/iPad/103-map.png"; sourceTree = "<group>"; };
		3ADFDB7714271BF800EC98C6 /* 103-map@2x.png */ = {isa = PBXFileReference; lastKnownFileType = image.png; name = "103-map@2x.png"; path = "Resources/NIBs/iPad/103-map@2x.png"; sourceTree = "<group>"; };
		3ADFDB7C1427203800EC98C6 /* 216-compose.png */ = {isa = PBXFileReference; lastKnownFileType = image.png; path = "216-compose.png"; sourceTree = "<group>"; };
		3ADFDB7D1427203800EC98C6 /* 216-compose@2x.png */ = {isa = PBXFileReference; lastKnownFileType = image.png; path = "216-compose@2x.png"; sourceTree = "<group>"; };
		3ADFDB7E1427203800EC98C6 /* color.png */ = {isa = PBXFileReference; lastKnownFileType = image.png; path = color.png; sourceTree = "<group>"; };
		3ADFDB7F1427203800EC98C6 /* color@2x.png */ = {isa = PBXFileReference; lastKnownFileType = image.png; path = "color@2x.png"; sourceTree = "<group>"; };
		3ADFDB801427203800EC98C6 /* location.png */ = {isa = PBXFileReference; lastKnownFileType = image.png; path = location.png; sourceTree = "<group>"; };
		3ADFDB811427203800EC98C6 /* location@2x.png */ = {isa = PBXFileReference; lastKnownFileType = image.png; path = "location@2x.png"; sourceTree = "<group>"; };
		3ADFDB931427212800EC98C6 /* font@2x.png */ = {isa = PBXFileReference; lastKnownFileType = image.png; path = "font@2x.png"; sourceTree = "<group>"; };
		3ADFDB9514272B5C00EC98C6 /* 213-reply.png */ = {isa = PBXFileReference; lastKnownFileType = image.png; name = "213-reply.png"; path = "Resources/NIBs/iPad/213-reply.png"; sourceTree = "<group>"; };
		3ADFDB9614272B5C00EC98C6 /* 213-reply@2x.png */ = {isa = PBXFileReference; lastKnownFileType = image.png; name = "213-reply@2x.png"; path = "Resources/NIBs/iPad/213-reply@2x.png"; sourceTree = "<group>"; };
		3AE3056D1018544A00D43A02 /* fr */ = {isa = PBXFileReference; lastKnownFileType = text.plist.strings; name = fr; path = fr.lproj/Localizable.strings; sourceTree = "<group>"; };
		3AE3056E1018544D00D43A02 /* es */ = {isa = PBXFileReference; lastKnownFileType = text.plist.strings; name = es; path = es.lproj/Localizable.strings; sourceTree = "<group>"; };
		3AE3056F1018546C00D43A02 /* en */ = {isa = PBXFileReference; lastKnownFileType = text.plist.strings; name = en; path = en.lproj/Localizable.strings; sourceTree = "<group>"; };
		3AE3057E1018572600D43A02 /* Map.xib */ = {isa = PBXFileReference; lastKnownFileType = file.xib; path = Map.xib; sourceTree = "<group>"; };
		3AE3059810185A6800D43A02 /* font.png */ = {isa = PBXFileReference; lastKnownFileType = image.png; path = font.png; sourceTree = "<group>"; };
		3AE3059F10185B4600D43A02 /* FontCode.h */ = {isa = PBXFileReference; fileEncoding = 4; lastKnownFileType = sourcecode.c.h; path = FontCode.h; sourceTree = "<group>"; };
		8D1107310486CEB800E47090 /* Notitas-Info.plist */ = {isa = PBXFileReference; fileEncoding = 4; lastKnownFileType = text.plist.xml; name = "Notitas-Info.plist"; path = "../Notitas-Info.plist"; plistStructureDefinitionIdentifier = "com.apple.xcode.plist.structure-definition.iphone.info-plist"; sourceTree = "<group>"; };
/* End PBXFileReference section */

/* Begin PBXFrameworksBuildPhase section */
		1D60588F0D05DD3D006BFB54 /* Frameworks */ = {
			isa = PBXFrameworksBuildPhase;
			buildActionMask = 2147483647;
			files = (
				3A7761D41018A73E009F0CD1 /* SystemConfiguration.framework in Frameworks */,
				3A60093B14238239003B5B43 /* QuartzCore.framework in Frameworks */,
				3A60093C14238239003B5B43 /* Security.framework in Frameworks */,
				3A6009381423822C003B5B43 /* MobileCoreServices.framework in Frameworks */,
				3A60093614238222003B5B43 /* CoreText.framework in Frameworks */,
				3A60093414238218003B5B43 /* CFNetwork.framework in Frameworks */,
				3A60093214238209003B5B43 /* MediaPlayer.framework in Frameworks */,
				3A600930142381FC003B5B43 /* libz.1.2.3.dylib in Frameworks */,
				1D60589F0D05DD5A006BFB54 /* Foundation.framework in Frameworks */,
				1DF5F4E00D08C38300B7A737 /* UIKit.framework in Frameworks */,
				2892E4100DC94CBA00A64D0F /* CoreGraphics.framework in Frameworks */,
				28860BE50F44EE6400985440 /* CoreData.framework in Frameworks */,
				3A15C47D101754B600ECB335 /* MessageUI.framework in Frameworks */,
				3A15C4BF10175AA500ECB335 /* CoreLocation.framework in Frameworks */,
				3A15C4C310175AB700ECB335 /* MapKit.framework in Frameworks */,
				3AA753E610179806007B3E5C /* AudioToolbox.framework in Frameworks */,
				3A60092E142381B9003B5B43 /* AKOLibrary.framework in Frameworks */,
			);
			runOnlyForDeploymentPostprocessing = 0;
		};
/* End PBXFrameworksBuildPhase section */

/* Begin PBXGroup section */
		19C28FACFE9D520D11CA2CBB /* Products */ = {
			isa = PBXGroup;
			children = (
				1D6058910D05DD3D006BFB54 /* Notitas.app */,
			);
			name = Products;
			sourceTree = "<group>";
		};
		29B97314FDCFA39411CA2CEA /* CustomTemplate */ = {
			isa = PBXGroup;
			children = (
				3A4D6B7A1098280000F3DB45 /* Externals */,
				3AC5BF901015986900D062A4 /* Classes */,
				3AC5BF76101597BA00D062A4 /* Resources */,
				3A1F0D331423D41700BEBE5E /* iPad */,
				29B97315FDCFA39411CA2CEA /* Other Sources */,
				29B97323FDCFA39411CA2CEA /* Frameworks */,
				19C28FACFE9D520D11CA2CBB /* Products */,
			);
			name = CustomTemplate;
			sourceTree = "<group>";
		};
		29B97315FDCFA39411CA2CEA /* Other Sources */ = {
			isa = PBXGroup;
			children = (
				3A4E1B91108BA8E300FF1E9F /* Definitions.h */,
				28A0AAE50D9B0CCF005BE974 /* Notitas_Prefix.pch */,
				29B97316FDCFA39411CA2CEA /* main.m */,
			);
			name = "Other Sources";
			sourceTree = "<group>";
		};
		29B97323FDCFA39411CA2CEA /* Frameworks */ = {
			isa = PBXGroup;
			children = (
				3A60092D142381B9003B5B43 /* AKOLibrary.framework */,
				3A60092F142381FC003B5B43 /* libz.1.2.3.dylib */,
				3A60093D14238244003B5B43 /* SystemConfiguration.framework */,
				3A60093914238239003B5B43 /* QuartzCore.framework */,
				3A60093A14238239003B5B43 /* Security.framework */,
				3A6009371423822C003B5B43 /* MobileCoreServices.framework */,
				3A60093514238222003B5B43 /* CoreText.framework */,
				3A60093314238218003B5B43 /* CFNetwork.framework */,
				3A60093114238209003B5B43 /* MediaPlayer.framework */,
				3A7761D31018A73E009F0CD1 /* SystemConfiguration.framework */,
				3AA753E510179806007B3E5C /* AudioToolbox.framework */,
				3A15C4C210175AB700ECB335 /* MapKit.framework */,
				3A15C4BE10175AA500ECB335 /* CoreLocation.framework */,
				3A15C47C101754B600ECB335 /* MessageUI.framework */,
				1DF5F4DF0D08C38300B7A737 /* UIKit.framework */,
				1D30AB110D05D00D00671497 /* Foundation.framework */,
				2892E40F0DC94CBA00A64D0F /* CoreGraphics.framework */,
				28860BE40F44EE6400985440 /* CoreData.framework */,
			);
			name = Frameworks;
			sourceTree = "<group>";
		};
		3A1F0D331423D41700BEBE5E /* iPad */ = {
			isa = PBXGroup;
			children = (
				3ADFDB7414271BF800EC98C6 /* 02-redo.png */,
				3ADFDB7514271BF800EC98C6 /* 02-redo@2x.png */,
				3ADFDB7614271BF800EC98C6 /* 103-map.png */,
				3ADFDB7714271BF800EC98C6 /* 103-map@2x.png */,
				3ADFDB9514272B5C00EC98C6 /* 213-reply.png */,
				3ADFDB9614272B5C00EC98C6 /* 213-reply@2x.png */,
				3A7892341425F94E004B07F0 /* background_ipad.jpg */,
				3A7892351425F94E004B07F0 /* Default-Landscape.png */,
				3A1F0D361423D4EF00BEBE5E /* Default-Portrait.png */,
				3A1F0D341423D41800BEBE5E /* MainWindow-iPad.xib */,
				3A7892461426556B004B07F0 /* MapControllerPad.xib */,
			);
			name = iPad;
			sourceTree = "<group>";
		};
		3A1F0D381423D52A00BEBE5E /* iPad */ = {
			isa = PBXGroup;
			children = (
				3A1F0D391423D54500BEBE5E /* RootViewControllerPad.h */,
				3A1F0D3A1423D54500BEBE5E /* RootViewControllerPad.m */,
				3A7892431426552A004B07F0 /* MapControllerPad.h */,
				3A7892441426552A004B07F0 /* MapControllerPad.m */,
			);
			path = iPad;
			sourceTree = "<group>";
		};
		3A4D6B7A1098280000F3DB45 /* Externals */ = {
			isa = PBXGroup;
			children = (
				3A4D6B7B1098280000F3DB45 /* appirater */,
			);
			path = Externals;
			sourceTree = "<group>";
		};
		3A4D6B7B1098280000F3DB45 /* appirater */ = {
			isa = PBXGroup;
			children = (
				3A4D6B7C1098280000F3DB45 /* Appirater.h */,
				3A4D6B7D1098280000F3DB45 /* Appirater.m */,
				3A4D6B7E1098280000F3DB45 /* README */,
			);
			path = appirater;
			sourceTree = "<group>";
		};
		3AA753BA1017953B007B3E5C /* Sounds */ = {
			isa = PBXGroup;
			children = (
				3AA753C210179559007B3E5C /* Erase.caf */,
			);
			path = Sounds;
			sourceTree = "<group>";
		};
		3AC5BF76101597BA00D062A4 /* Resources */ = {
			isa = PBXGroup;
			children = (
				3A4E1B81108BA8BA00FF1E9F /* Settings.bundle */,
				3A1F0D1D1423C8A500BEBE5E /* Entitlements.entitlements */,
				3A4E1B82108BA8BA00FF1E9F /* TwitterClients.plist */,
				3A68EFF814238EB1008DC819 /* Notitas.xcdatamodeld */,
				8D1107310486CEB800E47090 /* Notitas-Info.plist */,
				3AC5BF77101597BA00D062A4 /* Images */,
				3AA753BA1017953B007B3E5C /* Sounds */,
				3AC5BF78101597BA00D062A4 /* NIBs */,
				3AE3055D1018538400D43A02 /* Strings */,
			);
			path = Resources;
			sourceTree = "<group>";
		};
		3AC5BF77101597BA00D062A4 /* Images */ = {
			isa = PBXGroup;
			children = (
				3ADFDB7C1427203800EC98C6 /* 216-compose.png */,
				3ADFDB7D1427203800EC98C6 /* 216-compose@2x.png */,
				3ADFDB7E1427203800EC98C6 /* color.png */,
				3ADFDB7F1427203800EC98C6 /* color@2x.png */,
				3ADFDB801427203800EC98C6 /* location.png */,
				3ADFDB811427203800EC98C6 /* location@2x.png */,
				3AE3059810185A6800D43A02 /* font.png */,
				3ADFDB931427212800EC98C6 /* font@2x.png */,
				3A9BA4B810183B8E006F7A3F /* small_thumbnail0.png */,
				3A9BA4B910183B8E006F7A3F /* small_thumbnail1.png */,
				3A9BA4BA10183B8E006F7A3F /* small_thumbnail2.png */,
				3A9BA4BB10183B8E006F7A3F /* small_thumbnail3.png */,
				3AA7543110179E51007B3E5C /* color.png */,
				3A1BDFED10177D3800775127 /* location.png */,
				3A1F0D0F1423C5E800BEBE5E /* Icon-72.png */,
				3A1F0D101423C5E800BEBE5E /* Icon-Small-50.png */,
				3A1F0D111423C5E800BEBE5E /* Icon-Small.png */,
				3A1F0D121423C5E800BEBE5E /* Icon-Small@2x.png */,
				3A1F0D131423C5E800BEBE5E /* Icon.png */,
				3A1F0D141423C5E800BEBE5E /* Icon@2x.png */,
				3A1F0D151423C5E800BEBE5E /* iTunesArtwork */,
				3AC5C3F31015EEE300D062A4 /* Default.png */,
				3A1F0D0D1423C27F00BEBE5E /* Default@2x.png */,
			);
			path = Images;
			sourceTree = "<group>";
		};
		3AC5BF78101597BA00D062A4 /* NIBs */ = {
			isa = PBXGroup;
			children = (
				3AE3057E1018572600D43A02 /* Map.xib */,
				3AC5BF79101597BA00D062A4 /* MainWindow.xib */,
				3AC5C2951015DC6D00D062A4 /* NoteEditor.xib */,
			);
			path = NIBs;
			sourceTree = "<group>";
		};
		3AC5BF901015986900D062A4 /* Classes */ = {
			isa = PBXGroup;
			children = (
				3AC5BF911015986900D062A4 /* AppDelegate */,
				3AC5BF941015986900D062A4 /* Controllers */,
				3AC5BF971015986900D062A4 /* Helpers */,
				3AC5BF981015986900D062A4 /* Models */,
				3A1F0D381423D52A00BEBE5E /* iPad */,
			);
			path = Classes;
			sourceTree = "<group>";
		};
		3AC5BF911015986900D062A4 /* AppDelegate */ = {
			isa = PBXGroup;
			children = (
				3AC5BF921015986900D062A4 /* NotitasAppDelegate.h */,
				3AC5BF931015986900D062A4 /* NotitasAppDelegate.m */,
			);
			path = AppDelegate;
			sourceTree = "<group>";
		};
		3AC5BF941015986900D062A4 /* Controllers */ = {
			isa = PBXGroup;
			children = (
				3AC5BF951015986900D062A4 /* RootViewController.h */,
				3AC5BF961015986900D062A4 /* RootViewController.m */,
				3AC5C01A1015AEC300D062A4 /* NoteCell.h */,
				3AC5C01B1015AEC300D062A4 /* NoteCell.m */,
				3AC5C1C11015D18300D062A4 /* NoteCellDelegate.h */,
				3AC5C0541015B64600D062A4 /* NoteThumbnail.h */,
				3AC5C0551015B64600D062A4 /* NoteThumbnail.m */,
				3AC5C29C1015DD0E00D062A4 /* NoteEditor.h */,
				3AC5C29D1015DD0E00D062A4 /* NoteEditor.m */,
				3AC5C2F01015E21400D062A4 /* NoteEditorDelegate.h */,
				3A15C4FF10175D8B00ECB335 /* Map.h */,
				3A15C50010175D8B00ECB335 /* Map.m */,
			);
			path = Controllers;
			sourceTree = "<group>";
		};
		3AC5BF971015986900D062A4 /* Helpers */ = {
			isa = PBXGroup;
			children = (
				3A68EFFC14239015008DC819 /* MNOHelpers.h */,
				3A68EFF014238B83008DC819 /* MNOCoreDataManager.h */,
				3A68EFF114238B83008DC819 /* MNOCoreDataManager.m */,
				3AD3F63E142391B600812023 /* MNOSoundManager.h */,
				3AD3F63F142391B600812023 /* MNOSoundManager.m */,
				3A4E1B8B108BA8D700FF1E9F /* TwitterClient.h */,
				3A4E1B8C108BA8D700FF1E9F /* TwitterClient.m */,
				3A4E1B8D108BA8D700FF1E9F /* TwitterClientManager.h */,
				3A4E1B8E108BA8D700FF1E9F /* TwitterClientManager.m */,
				3AA7545D1017A1B7007B3E5C /* ColorCode.h */,
				3AE3059F10185B4600D43A02 /* FontCode.h */,
				3A789240142649F8004B07F0 /* UIView+MNOExtensions.h */,
				3A789241142649F8004B07F0 /* UIView+MNOExtensions.m */,
			);
			path = Helpers;
			sourceTree = "<group>";
		};
		3AC5BF981015986900D062A4 /* Models */ = {
			isa = PBXGroup;
			children = (
				3AA7544510179F6E007B3E5C /* Note.h */,
				3AA7544610179F6E007B3E5C /* Note.m */,
			);
			path = Models;
			sourceTree = "<group>";
		};
		3AE3055D1018538400D43A02 /* Strings */ = {
			isa = PBXGroup;
			children = (
				3AE3056B1018544400D43A02 /* Localizable.strings */,
			);
			path = Strings;
			sourceTree = "<group>";
		};
/* End PBXGroup section */

/* Begin PBXNativeTarget section */
		1D6058900D05DD3D006BFB54 /* Notitas */ = {
			isa = PBXNativeTarget;
			buildConfigurationList = 1D6058960D05DD3E006BFB54 /* Build configuration list for PBXNativeTarget "Notitas" */;
			buildPhases = (
				1D60588D0D05DD3D006BFB54 /* Resources */,
				1D60588E0D05DD3D006BFB54 /* Sources */,
				1D60588F0D05DD3D006BFB54 /* Frameworks */,
			);
			buildRules = (
			);
			dependencies = (
			);
			name = Notitas;
			productName = Notitas;
			productReference = 1D6058910D05DD3D006BFB54 /* Notitas.app */;
			productType = "com.apple.product-type.application";
		};
/* End PBXNativeTarget section */

/* Begin PBXProject section */
		29B97313FDCFA39411CA2CEA /* Project object */ = {
			isa = PBXProject;
			attributes = {
				LastUpgradeCheck = 0410;
				ORGANIZATIONNAME = "akosma software";
			};
			buildConfigurationList = C01FCF4E08A954540054247B /* Build configuration list for PBXProject "Notitas" */;
			compatibilityVersion = "Xcode 3.2";
			developmentRegion = English;
			hasScannedForEncodings = 1;
			knownRegions = (
				English,
				Japanese,
				French,
				German,
				en,
				fr,
				es,
				de,
			);
			mainGroup = 29B97314FDCFA39411CA2CEA /* CustomTemplate */;
			projectDirPath = "";
			projectRoot = "";
			targets = (
				1D6058900D05DD3D006BFB54 /* Notitas */,
			);
		};
/* End PBXProject section */

/* Begin PBXResourcesBuildPhase section */
		1D60588D0D05DD3D006BFB54 /* Resources */ = {
			isa = PBXResourcesBuildPhase;
			buildActionMask = 2147483647;
			files = (
				3AC5BF7C101597BA00D062A4 /* MainWindow.xib in Resources */,
				3AC5C2971015DC6D00D062A4 /* NoteEditor.xib in Resources */,
				3AC5C3F41015EEE300D062A4 /* Default.png in Resources */,
				3A1BDFEE10177D3800775127 /* location.png in Resources */,
				3AA753C310179559007B3E5C /* Erase.caf in Resources */,
				3AA7543210179E51007B3E5C /* color.png in Resources */,
				3A9BA4BC10183B8E006F7A3F /* small_thumbnail0.png in Resources */,
				3A9BA4BD10183B8E006F7A3F /* small_thumbnail1.png in Resources */,
				3A9BA4BE10183B8E006F7A3F /* small_thumbnail2.png in Resources */,
				3A9BA4BF10183B8E006F7A3F /* small_thumbnail3.png in Resources */,
				3AE3056C1018544400D43A02 /* Localizable.strings in Resources */,
				3AE3057F1018572600D43A02 /* Map.xib in Resources */,
				3AE3059910185A6800D43A02 /* font.png in Resources */,
				3A4E1B83108BA8BA00FF1E9F /* Settings.bundle in Resources */,
				3A4E1B84108BA8BA00FF1E9F /* TwitterClients.plist in Resources */,
				3A4D6B801098280000F3DB45 /* README in Resources */,
				3A1F0D0E1423C27F00BEBE5E /* Default@2x.png in Resources */,
				3A1F0D161423C5E800BEBE5E /* Icon-72.png in Resources */,
				3A1F0D171423C5E800BEBE5E /* Icon-Small-50.png in Resources */,
				3A1F0D181423C5E800BEBE5E /* Icon-Small.png in Resources */,
				3A1F0D191423C5E800BEBE5E /* Icon-Small@2x.png in Resources */,
				3A1F0D1A1423C5E800BEBE5E /* Icon.png in Resources */,
				3A1F0D1B1423C5E800BEBE5E /* Icon@2x.png in Resources */,
				3A1F0D1C1423C5E800BEBE5E /* iTunesArtwork in Resources */,
				3A1F0D351423D41800BEBE5E /* MainWindow-iPad.xib in Resources */,
				3A1F0D371423D4EF00BEBE5E /* Default-Portrait.png in Resources */,
				3A7892361425F94E004B07F0 /* background_ipad.jpg in Resources */,
				3A7892371425F94E004B07F0 /* Default-Landscape.png in Resources */,
				3A7892471426556B004B07F0 /* MapControllerPad.xib in Resources */,
				3ADFDB7814271BF800EC98C6 /* 02-redo.png in Resources */,
				3ADFDB7914271BF800EC98C6 /* 02-redo@2x.png in Resources */,
				3ADFDB7A14271BF800EC98C6 /* 103-map.png in Resources */,
				3ADFDB7B14271BF800EC98C6 /* 103-map@2x.png in Resources */,
				3ADFDB881427203800EC98C6 /* 216-compose.png in Resources */,
				3ADFDB891427203800EC98C6 /* 216-compose@2x.png in Resources */,
				3ADFDB8A1427203800EC98C6 /* color.png in Resources */,
				3ADFDB8B1427203800EC98C6 /* color@2x.png in Resources */,
				3ADFDB8C1427203800EC98C6 /* location.png in Resources */,
				3ADFDB8D1427203800EC98C6 /* location@2x.png in Resources */,
				3ADFDB941427212800EC98C6 /* font@2x.png in Resources */,
				3ADFDB9714272B5C00EC98C6 /* 213-reply.png in Resources */,
				3ADFDB9814272B5C00EC98C6 /* 213-reply@2x.png in Resources */,
			);
			runOnlyForDeploymentPostprocessing = 0;
		};
/* End PBXResourcesBuildPhase section */

/* Begin PBXSourcesBuildPhase section */
		1D60588E0D05DD3D006BFB54 /* Sources */ = {
			isa = PBXSourcesBuildPhase;
			buildActionMask = 2147483647;
			files = (
				1D60589B0D05DD56006BFB54 /* main.m in Sources */,
				3AC5BF991015986900D062A4 /* NotitasAppDelegate.m in Sources */,
				3AC5BF9A1015986900D062A4 /* RootViewController.m in Sources */,
				3AC5C01C1015AEC300D062A4 /* NoteCell.m in Sources */,
				3AC5C0561015B64600D062A4 /* NoteThumbnail.m in Sources */,
				3AC5C29E1015DD0E00D062A4 /* NoteEditor.m in Sources */,
				3A15C50110175D8C00ECB335 /* Map.m in Sources */,
				3AA7544710179F6E007B3E5C /* Note.m in Sources */,
				3A4E1B8F108BA8D700FF1E9F /* TwitterClient.m in Sources */,
				3A4E1B90108BA8D700FF1E9F /* TwitterClientManager.m in Sources */,
				3A4D6B7F1098280000F3DB45 /* Appirater.m in Sources */,
				3A68EFF214238B83008DC819 /* MNOCoreDataManager.m in Sources */,
				3A68EFFA14238EB1008DC819 /* Notitas.xcdatamodeld in Sources */,
				3AD3F640142391B600812023 /* MNOSoundManager.m in Sources */,
				3A1F0D3B1423D54500BEBE5E /* RootViewControllerPad.m in Sources */,
				3A789242142649F8004B07F0 /* UIView+MNOExtensions.m in Sources */,
				3A7892451426552A004B07F0 /* MapControllerPad.m in Sources */,
			);
			runOnlyForDeploymentPostprocessing = 0;
		};
/* End PBXSourcesBuildPhase section */

/* Begin PBXVariantGroup section */
		3AE3056B1018544400D43A02 /* Localizable.strings */ = {
			isa = PBXVariantGroup;
			children = (
				3AE3056D1018544A00D43A02 /* fr */,
				3AE3056E1018544D00D43A02 /* es */,
				3AE3056F1018546C00D43A02 /* en */,
				3A4E1B14108B9B7700FF1E9F /* de */,
			);
			name = Localizable.strings;
			sourceTree = "<group>";
		};
/* End PBXVariantGroup section */

/* Begin XCBuildConfiguration section */
		1D6058940D05DD3E006BFB54 /* Debug */ = {
			isa = XCBuildConfiguration;
			buildSettings = {
				ALWAYS_SEARCH_USER_PATHS = NO;
				COPY_PHASE_STRIP = NO;
				FRAMEWORK_SEARCH_PATHS = (
					"$(inherited)",
					"\"$(SRCROOT)/Externals\"",
				);
				GCC_DYNAMIC_NO_PIC = NO;
				GCC_OPTIMIZATION_LEVEL = 0;
				GCC_PRECOMPILE_PREFIX_HEADER = YES;
				GCC_PREFIX_HEADER = Notitas_Prefix.pch;
				GCC_TREAT_WARNINGS_AS_ERRORS = YES;
				GCC_VERSION = com.apple.compilers.llvmgcc42;
				INFOPLIST_FILE = "Notitas-Info.plist";
				IPHONEOS_DEPLOYMENT_TARGET = 4.3;
				OTHER_LDFLAGS = "-all_load";
				PRODUCT_NAME = Notitas;
				TARGETED_DEVICE_FAMILY = "1,2";
			};
			name = Debug;
		};
		1D6058950D05DD3E006BFB54 /* Release */ = {
			isa = XCBuildConfiguration;
			buildSettings = {
				ALWAYS_SEARCH_USER_PATHS = NO;
				COPY_PHASE_STRIP = YES;
				FRAMEWORK_SEARCH_PATHS = (
					"$(inherited)",
					"\"$(SRCROOT)/Externals\"",
				);
				GCC_PRECOMPILE_PREFIX_HEADER = YES;
				GCC_PREFIX_HEADER = Notitas_Prefix.pch;
				GCC_TREAT_WARNINGS_AS_ERRORS = YES;
				GCC_VERSION = com.apple.compilers.llvmgcc42;
				INFOPLIST_FILE = "Notitas-Info.plist";
				IPHONEOS_DEPLOYMENT_TARGET = 4.3;
				OTHER_LDFLAGS = "-all_load";
				PRODUCT_NAME = Notitas;
				TARGETED_DEVICE_FAMILY = "1,2";
			};
			name = Release;
		};
		C01FCF4F08A954540054247B /* Debug */ = {
			isa = XCBuildConfiguration;
			buildSettings = {
				ARCHS = "$(ARCHS_STANDARD_32_BIT)";
				"CODE_SIGN_IDENTITY[sdk=iphoneos*]" = "iPhone Developer";
				GCC_C_LANGUAGE_STANDARD = c99;
				GCC_WARN_ABOUT_RETURN_TYPE = YES;
				GCC_WARN_UNUSED_VARIABLE = YES;
				SDKROOT = iphoneos;
			};
			name = Debug;
		};
		C01FCF5008A954540054247B /* Release */ = {
			isa = XCBuildConfiguration;
			buildSettings = {
				ARCHS = "$(ARCHS_STANDARD_32_BIT)";
				"CODE_SIGN_IDENTITY[sdk=iphoneos*]" = "iPhone Developer";
				GCC_C_LANGUAGE_STANDARD = c99;
				GCC_WARN_ABOUT_RETURN_TYPE = YES;
				GCC_WARN_UNUSED_VARIABLE = YES;
				SDKROOT = iphoneos;
			};
			name = Release;
		};
/* End XCBuildConfiguration section */

/* Begin XCConfigurationList section */
		1D6058960D05DD3E006BFB54 /* Build configuration list for PBXNativeTarget "Notitas" */ = {
			isa = XCConfigurationList;
			buildConfigurations = (
				1D6058940D05DD3E006BFB54 /* Debug */,
				1D6058950D05DD3E006BFB54 /* Release */,
			);
			defaultConfigurationIsVisible = 0;
			defaultConfigurationName = Release;
		};
		C01FCF4E08A954540054247B /* Build configuration list for PBXProject "Notitas" */ = {
			isa = XCConfigurationList;
			buildConfigurations = (
				C01FCF4F08A954540054247B /* Debug */,
				C01FCF5008A954540054247B /* Release */,
			);
			defaultConfigurationIsVisible = 0;
			defaultConfigurationName = Release;
		};
/* End XCConfigurationList section */

/* Begin XCVersionGroup section */
		3A68EFF814238EB1008DC819 /* Notitas.xcdatamodeld */ = {
			isa = XCVersionGroup;
			children = (
				3A68EFFB14238F38008DC819 /* Notitas 2.xcdatamodel */,
				3A68EFF914238EB1008DC819 /* Notitas.xcdatamodel */,
			);
			currentVersion = 3A68EFFB14238F38008DC819 /* Notitas 2.xcdatamodel */;
			path = Notitas.xcdatamodeld;
			sourceTree = "<group>";
			versionGroupType = wrapper.xcdatamodel;
		};
/* End XCVersionGroup section */
	};
	rootObject = 29B97313FDCFA39411CA2CEA /* Project object */;
}
