// !$*UTF8*$!
{
	archiveVersion = 1;
	classes = {
	};
	objectVersion = 46;
	objects = {

/* Begin PBXBuildFile section */
		1D60589B0D05DD56006BFB54 /* main.m in Sources */ = {isa = PBXBuildFile; fileRef = 29B97316FDCFA39411CA2CEA /* main.m */; };
		1D60589F0D05DD5A006BFB54 /* Foundation.framework in Frameworks */ = {isa = PBXBuildFile; fileRef = 1D30AB110D05D00D00671497 /* Foundation.framework */; };
		1DF5F4E00D08C38300B7A737 /* UIKit.framework in Frameworks */ = {isa = PBXBuildFile; fileRef = 1DF5F4DF0D08C38300B7A737 /* UIKit.framework */; };
		28860BE50F44EE6400985440 /* CoreData.framework in Frameworks */ = {isa = PBXBuildFile; fileRef = 28860BE40F44EE6400985440 /* CoreData.framework */; };
		2892E4100DC94CBA00A64D0F /* CoreGraphics.framework in Frameworks */ = {isa = PBXBuildFile; fileRef = 2892E40F0DC94CBA00A64D0F /* CoreGraphics.framework */; };
		3A09E58B14371A200079DDE5 /* 300-orgchart.png in Resources */ = {isa = PBXBuildFile; fileRef = 3A09E58914371A200079DDE5 /* 300-orgchart.png */; };
		3A09E58C14371A200079DDE5 /* 300-orgchart@2x.png in Resources */ = {isa = PBXBuildFile; fileRef = 3A09E58A14371A200079DDE5 /* 300-orgchart@2x.png */; };
		3A09E58F14371F510079DDE5 /* 42-photos.png in Resources */ = {isa = PBXBuildFile; fileRef = 3A09E58D14371F510079DDE5 /* 42-photos.png */; };
		3A09E59014371F510079DDE5 /* 42-photos@2x.png in Resources */ = {isa = PBXBuildFile; fileRef = 3A09E58E14371F510079DDE5 /* 42-photos@2x.png */; };
		3A15C47D101754B600ECB335 /* MessageUI.framework in Frameworks */ = {isa = PBXBuildFile; fileRef = 3A15C47C101754B600ECB335 /* MessageUI.framework */; };
		3A15C4BF10175AA500ECB335 /* CoreLocation.framework in Frameworks */ = {isa = PBXBuildFile; fileRef = 3A15C4BE10175AA500ECB335 /* CoreLocation.framework */; };
		3A15C4C310175AB700ECB335 /* MapKit.framework in Frameworks */ = {isa = PBXBuildFile; fileRef = 3A15C4C210175AB700ECB335 /* MapKit.framework */; };
		3A4D6B7F1098280000F3DB45 /* Appirater.m in Sources */ = {isa = PBXBuildFile; fileRef = 3A4D6B7D1098280000F3DB45 /* Appirater.m */; };
		3A60092E142381B9003B5B43 /* AKOLibrary.framework in Frameworks */ = {isa = PBXBuildFile; fileRef = 3A60092D142381B9003B5B43 /* AKOLibrary.framework */; };
		3A60093214238209003B5B43 /* MediaPlayer.framework in Frameworks */ = {isa = PBXBuildFile; fileRef = 3A60093114238209003B5B43 /* MediaPlayer.framework */; };
		3A60093414238218003B5B43 /* CFNetwork.framework in Frameworks */ = {isa = PBXBuildFile; fileRef = 3A60093314238218003B5B43 /* CFNetwork.framework */; };
		3A60093614238222003B5B43 /* CoreText.framework in Frameworks */ = {isa = PBXBuildFile; fileRef = 3A60093514238222003B5B43 /* CoreText.framework */; };
		3A6009381423822C003B5B43 /* MobileCoreServices.framework in Frameworks */ = {isa = PBXBuildFile; fileRef = 3A6009371423822C003B5B43 /* MobileCoreServices.framework */; };
		3A60093B14238239003B5B43 /* QuartzCore.framework in Frameworks */ = {isa = PBXBuildFile; fileRef = 3A60093914238239003B5B43 /* QuartzCore.framework */; };
		3A60093C14238239003B5B43 /* Security.framework in Frameworks */ = {isa = PBXBuildFile; fileRef = 3A60093A14238239003B5B43 /* Security.framework */; };
		3A68EFF214238B83008DC819 /* MNOCoreDataManager.m in Sources */ = {isa = PBXBuildFile; fileRef = 3A68EFF114238B83008DC819 /* MNOCoreDataManager.m */; };
		3A7761D41018A73E009F0CD1 /* SystemConfiguration.framework in Frameworks */ = {isa = PBXBuildFile; fileRef = 3A7761D31018A73E009F0CD1 /* SystemConfiguration.framework */; };
		3A789242142649F8004B07F0 /* UIView+MNOExtensions.m in Sources */ = {isa = PBXBuildFile; fileRef = 3A789241142649F8004B07F0 /* UIView+MNOExtensions.m */; };
		3A860E371429BD6F00649B27 /* MNOAppDelegate.m in Sources */ = {isa = PBXBuildFile; fileRef = 3A860E361429BD6F00649B27 /* MNOAppDelegate.m */; };
		3A860E471429BF1000649B27 /* MNOMapController.m in Sources */ = {isa = PBXBuildFile; fileRef = 3A860E3B1429BF1000649B27 /* MNOMapController.m */; };
		3A860E481429BF1000649B27 /* MNONoteEditorController.m in Sources */ = {isa = PBXBuildFile; fileRef = 3A860E3D1429BF1000649B27 /* MNONoteEditorController.m */; };
		3A860E491429BF1000649B27 /* MNORootController.m in Sources */ = {isa = PBXBuildFile; fileRef = 3A860E401429BF1000649B27 /* MNORootController.m */; };
		3A860E4A1429BF1000649B27 /* MNONoteCell.m in Sources */ = {isa = PBXBuildFile; fileRef = 3A860E431429BF1000649B27 /* MNONoteCell.m */; };
		3A860E4B1429BF1000649B27 /* MNONoteThumbnail.m in Sources */ = {isa = PBXBuildFile; fileRef = 3A860E461429BF1000649B27 /* MNONoteThumbnail.m */; };
		3A860E531429C53400649B27 /* MNONotifications.m in Sources */ = {isa = PBXBuildFile; fileRef = 3A860E521429C53400649B27 /* MNONotifications.m */; };
		3A860E571429C9B600649B27 /* Note+MNOExtensions.m in Sources */ = {isa = PBXBuildFile; fileRef = 3A860E561429C9B600649B27 /* Note+MNOExtensions.m */; };
		3A860E5A1429CB6500649B27 /* MNOTwitterClient.m in Sources */ = {isa = PBXBuildFile; fileRef = 3A860E591429CB6300649B27 /* MNOTwitterClient.m */; };
		3A860E5D1429CB8900649B27 /* MNOTwitterClientManager.m in Sources */ = {isa = PBXBuildFile; fileRef = 3A860E5C1429CB8900649B27 /* MNOTwitterClientManager.m */; };
		3A860E641429CF3900649B27 /* MNOMapControllerPad.m in Sources */ = {isa = PBXBuildFile; fileRef = 3A860E611429CF3900649B27 /* MNOMapControllerPad.m */; };
		3A860E651429CF3900649B27 /* MNORootControllerPad.m in Sources */ = {isa = PBXBuildFile; fileRef = 3A860E631429CF3900649B27 /* MNORootControllerPad.m */; };
		3A860F201429D1E000649B27 /* Notitas.xcdatamodeld in Sources */ = {isa = PBXBuildFile; fileRef = 3A860EDF1429D1E000649B27 /* Notitas.xcdatamodeld */; };
		3A860F211429D1E000649B27 /* TwitterClients.plist in Resources */ = {isa = PBXBuildFile; fileRef = 3A860EE21429D1E000649B27 /* TwitterClients.plist */; };
		3A860F221429D1E000649B27 /* Entitlements.entitlements in Resources */ = {isa = PBXBuildFile; fileRef = 3A860EE31429D1E000649B27 /* Entitlements.entitlements */; };
		3A860F231429D1E000649B27 /* Icon-72.png in Resources */ = {isa = PBXBuildFile; fileRef = 3A860EE51429D1E000649B27 /* Icon-72.png */; };
		3A860F241429D1E000649B27 /* Icon-Small-50.png in Resources */ = {isa = PBXBuildFile; fileRef = 3A860EE61429D1E000649B27 /* Icon-Small-50.png */; };
		3A860F251429D1E000649B27 /* Icon-Small.png in Resources */ = {isa = PBXBuildFile; fileRef = 3A860EE71429D1E000649B27 /* Icon-Small.png */; };
		3A860F261429D1E000649B27 /* Icon-Small@2x.png in Resources */ = {isa = PBXBuildFile; fileRef = 3A860EE81429D1E000649B27 /* Icon-Small@2x.png */; };
		3A860F271429D1E000649B27 /* Icon.png in Resources */ = {isa = PBXBuildFile; fileRef = 3A860EE91429D1E000649B27 /* Icon.png */; };
		3A860F281429D1E000649B27 /* Icon@2x.png in Resources */ = {isa = PBXBuildFile; fileRef = 3A860EEA1429D1E000649B27 /* Icon@2x.png */; };
		3A860F291429D1E000649B27 /* iTunesArtwork in Resources */ = {isa = PBXBuildFile; fileRef = 3A860EEB1429D1E000649B27 /* iTunesArtwork */; };
		3A860F2A1429D1E000649B27 /* 216-compose.png in Resources */ = {isa = PBXBuildFile; fileRef = 3A860EED1429D1E000649B27 /* 216-compose.png */; };
		3A860F2B1429D1E000649B27 /* 216-compose@2x.png in Resources */ = {isa = PBXBuildFile; fileRef = 3A860EEE1429D1E000649B27 /* 216-compose@2x.png */; };
		3A860F2C1429D1E000649B27 /* color.png in Resources */ = {isa = PBXBuildFile; fileRef = 3A860EEF1429D1E000649B27 /* color.png */; };
		3A860F2D1429D1E000649B27 /* color@2x.png in Resources */ = {isa = PBXBuildFile; fileRef = 3A860EF01429D1E000649B27 /* color@2x.png */; };
		3A860F2E1429D1E000649B27 /* Default.png in Resources */ = {isa = PBXBuildFile; fileRef = 3A860EF11429D1E000649B27 /* Default.png */; };
		3A860F2F1429D1E000649B27 /* Default@2x.png in Resources */ = {isa = PBXBuildFile; fileRef = 3A860EF21429D1E000649B27 /* Default@2x.png */; };
		3A860F301429D1E000649B27 /* font.png in Resources */ = {isa = PBXBuildFile; fileRef = 3A860EF31429D1E000649B27 /* font.png */; };
		3A860F311429D1E000649B27 /* font@2x.png in Resources */ = {isa = PBXBuildFile; fileRef = 3A860EF41429D1E000649B27 /* font@2x.png */; };
		3A860F321429D1E000649B27 /* location.png in Resources */ = {isa = PBXBuildFile; fileRef = 3A860EF51429D1E000649B27 /* location.png */; };
		3A860F331429D1E000649B27 /* location@2x.png in Resources */ = {isa = PBXBuildFile; fileRef = 3A860EF61429D1E000649B27 /* location@2x.png */; };
		3A860F391429D1E000649B27 /* small_thumbnail0.png in Resources */ = {isa = PBXBuildFile; fileRef = 3A860EFD1429D1E000649B27 /* small_thumbnail0.png */; };
		3A860F3A1429D1E000649B27 /* small_thumbnail1.png in Resources */ = {isa = PBXBuildFile; fileRef = 3A860EFE1429D1E000649B27 /* small_thumbnail1.png */; };
		3A860F3B1429D1E000649B27 /* small_thumbnail2.png in Resources */ = {isa = PBXBuildFile; fileRef = 3A860EFF1429D1E000649B27 /* small_thumbnail2.png */; };
		3A860F3C1429D1E000649B27 /* small_thumbnail3.png in Resources */ = {isa = PBXBuildFile; fileRef = 3A860F001429D1E000649B27 /* small_thumbnail3.png */; };
		3A860F3D1429D1E000649B27 /* 02-redo.png in Resources */ = {isa = PBXBuildFile; fileRef = 3A860F031429D1E000649B27 /* 02-redo.png */; };
		3A860F3E1429D1E000649B27 /* 02-redo@2x.png in Resources */ = {isa = PBXBuildFile; fileRef = 3A860F041429D1E000649B27 /* 02-redo@2x.png */; };
		3A860F3F1429D1E000649B27 /* 103-map.png in Resources */ = {isa = PBXBuildFile; fileRef = 3A860F051429D1E000649B27 /* 103-map.png */; };
		3A860F401429D1E000649B27 /* 103-map@2x.png in Resources */ = {isa = PBXBuildFile; fileRef = 3A860F061429D1E000649B27 /* 103-map@2x.png */; };
		3A860F411429D1E000649B27 /* 18-envelope.png in Resources */ = {isa = PBXBuildFile; fileRef = 3A860F071429D1E000649B27 /* 18-envelope.png */; };
		3A860F421429D1E000649B27 /* 18-envelope@2x.png in Resources */ = {isa = PBXBuildFile; fileRef = 3A860F081429D1E000649B27 /* 18-envelope@2x.png */; };
		3A860F431429D1E000649B27 /* 209-twitter.png in Resources */ = {isa = PBXBuildFile; fileRef = 3A860F091429D1E000649B27 /* 209-twitter.png */; };
		3A860F441429D1E000649B27 /* 209-twitter@2x.png in Resources */ = {isa = PBXBuildFile; fileRef = 3A860F0A1429D1E000649B27 /* 209-twitter@2x.png */; };
		3A860F451429D1E000649B27 /* 213-reply.png in Resources */ = {isa = PBXBuildFile; fileRef = 3A860F0B1429D1E000649B27 /* 213-reply.png */; };
		3A860F461429D1E000649B27 /* 213-reply@2x.png in Resources */ = {isa = PBXBuildFile; fileRef = 3A860F0C1429D1E000649B27 /* 213-reply@2x.png */; };
		3A860F471429D1E000649B27 /* background_ipad.jpg in Resources */ = {isa = PBXBuildFile; fileRef = 3A860F0D1429D1E000649B27 /* background_ipad.jpg */; };
		3A860F481429D1E000649B27 /* Default-Landscape.png in Resources */ = {isa = PBXBuildFile; fileRef = 3A860F0E1429D1E000649B27 /* Default-Landscape.png */; };
		3A860F491429D1E000649B27 /* Default-Portrait.png in Resources */ = {isa = PBXBuildFile; fileRef = 3A860F0F1429D1E000649B27 /* Default-Portrait.png */; };
		3A860F4A1429D1E000649B27 /* MainWindow-iPad.xib in Resources */ = {isa = PBXBuildFile; fileRef = 3A860F111429D1E000649B27 /* MainWindow-iPad.xib */; };
		3A860F4B1429D1E000649B27 /* MNOMapControllerPad.xib in Resources */ = {isa = PBXBuildFile; fileRef = 3A860F121429D1E000649B27 /* MNOMapControllerPad.xib */; };
		3A860F4C1429D1E000649B27 /* MainWindow.xib in Resources */ = {isa = PBXBuildFile; fileRef = 3A860F141429D1E000649B27 /* MainWindow.xib */; };
		3A860F4D1429D1E000649B27 /* MNOMapController.xib in Resources */ = {isa = PBXBuildFile; fileRef = 3A860F151429D1E000649B27 /* MNOMapController.xib */; };
		3A860F4E1429D1E000649B27 /* MNONoteEditorController.xib in Resources */ = {isa = PBXBuildFile; fileRef = 3A860F161429D1E000649B27 /* MNONoteEditorController.xib */; };
		3A860F4F1429D1E000649B27 /* Settings.bundle in Resources */ = {isa = PBXBuildFile; fileRef = 3A860F171429D1E000649B27 /* Settings.bundle */; };
		3A860F501429D1E000649B27 /* Erase.caf in Resources */ = {isa = PBXBuildFile; fileRef = 3A860F191429D1E000649B27 /* Erase.caf */; };
		3A860F511429D1E000649B27 /* Localizable.strings in Resources */ = {isa = PBXBuildFile; fileRef = 3A860F1B1429D1E000649B27 /* Localizable.strings */; };
		3A8DBBD4144C4C2400DA46EC /* libz.dylib in Frameworks */ = {isa = PBXBuildFile; fileRef = 3A8DBBD3144C4C2400DA46EC /* libz.dylib */; };
		3AA753E610179806007B3E5C /* AudioToolbox.framework in Frameworks */ = {isa = PBXBuildFile; fileRef = 3AA753E510179806007B3E5C /* AudioToolbox.framework */; };
		3AC20570142E2E8100DF256C /* MNOBoard.m in Sources */ = {isa = PBXBuildFile; fileRef = 3AC2056F142E2E8100DF256C /* MNOBoard.m */; };
		3AC20573142E2E8200DF256C /* Note.m in Sources */ = {isa = PBXBuildFile; fileRef = 3AC20572142E2E8200DF256C /* Note.m */; };
		3AD3F640142391B600812023 /* MNOSoundManager.m in Sources */ = {isa = PBXBuildFile; fileRef = 3AD3F63F142391B600812023 /* MNOSoundManager.m */; };
/* End PBXBuildFile section */

/* Begin PBXFileReference section */
		1D30AB110D05D00D00671497 /* Foundation.framework */ = {isa = PBXFileReference; lastKnownFileType = wrapper.framework; name = Foundation.framework; path = System/Library/Frameworks/Foundation.framework; sourceTree = SDKROOT; };
		1D6058910D05DD3D006BFB54 /* Notitas.app */ = {isa = PBXFileReference; explicitFileType = wrapper.application; includeInIndex = 0; path = Notitas.app; sourceTree = BUILT_PRODUCTS_DIR; };
		1DF5F4DF0D08C38300B7A737 /* UIKit.framework */ = {isa = PBXFileReference; lastKnownFileType = wrapper.framework; name = UIKit.framework; path = System/Library/Frameworks/UIKit.framework; sourceTree = SDKROOT; };
		28860BE40F44EE6400985440 /* CoreData.framework */ = {isa = PBXFileReference; lastKnownFileType = wrapper.framework; name = CoreData.framework; path = System/Library/Frameworks/CoreData.framework; sourceTree = SDKROOT; };
		2892E40F0DC94CBA00A64D0F /* CoreGraphics.framework */ = {isa = PBXFileReference; lastKnownFileType = wrapper.framework; name = CoreGraphics.framework; path = System/Library/Frameworks/CoreGraphics.framework; sourceTree = SDKROOT; };
		28A0AAE50D9B0CCF005BE974 /* Notitas_Prefix.pch */ = {isa = PBXFileReference; fileEncoding = 4; lastKnownFileType = sourcecode.c.h; path = Notitas_Prefix.pch; sourceTree = "<group>"; };
		29B97316FDCFA39411CA2CEA /* main.m */ = {isa = PBXFileReference; fileEncoding = 4; lastKnownFileType = sourcecode.c.objc; path = main.m; sourceTree = "<group>"; };
		3A09E58914371A200079DDE5 /* 300-orgchart.png */ = {isa = PBXFileReference; lastKnownFileType = image.png; path = "300-orgchart.png"; sourceTree = "<group>"; };
		3A09E58A14371A200079DDE5 /* 300-orgchart@2x.png */ = {isa = PBXFileReference; lastKnownFileType = image.png; path = "300-orgchart@2x.png"; sourceTree = "<group>"; };
		3A09E58D14371F510079DDE5 /* 42-photos.png */ = {isa = PBXFileReference; lastKnownFileType = image.png; path = "42-photos.png"; sourceTree = "<group>"; };
		3A09E58E14371F510079DDE5 /* 42-photos@2x.png */ = {isa = PBXFileReference; lastKnownFileType = image.png; path = "42-photos@2x.png"; sourceTree = "<group>"; };
		3A15C47C101754B600ECB335 /* MessageUI.framework */ = {isa = PBXFileReference; lastKnownFileType = wrapper.framework; name = MessageUI.framework; path = System/Library/Frameworks/MessageUI.framework; sourceTree = SDKROOT; };
		3A15C4BE10175AA500ECB335 /* CoreLocation.framework */ = {isa = PBXFileReference; lastKnownFileType = wrapper.framework; name = CoreLocation.framework; path = System/Library/Frameworks/CoreLocation.framework; sourceTree = SDKROOT; };
		3A15C4C210175AB700ECB335 /* MapKit.framework */ = {isa = PBXFileReference; lastKnownFileType = wrapper.framework; name = MapKit.framework; path = System/Library/Frameworks/MapKit.framework; sourceTree = SDKROOT; };
		3A4D6B7C1098280000F3DB45 /* Appirater.h */ = {isa = PBXFileReference; fileEncoding = 4; lastKnownFileType = sourcecode.c.h; path = Appirater.h; sourceTree = "<group>"; };
		3A4D6B7D1098280000F3DB45 /* Appirater.m */ = {isa = PBXFileReference; fileEncoding = 4; lastKnownFileType = sourcecode.c.objc; path = Appirater.m; sourceTree = "<group>"; };
		3A60092D142381B9003B5B43 /* AKOLibrary.framework */ = {isa = PBXFileReference; lastKnownFileType = wrapper.framework; name = AKOLibrary.framework; path = Externals/AKOLibrary.framework; sourceTree = "<group>"; };
		3A60093114238209003B5B43 /* MediaPlayer.framework */ = {isa = PBXFileReference; lastKnownFileType = wrapper.framework; name = MediaPlayer.framework; path = System/Library/Frameworks/MediaPlayer.framework; sourceTree = SDKROOT; };
		3A60093314238218003B5B43 /* CFNetwork.framework */ = {isa = PBXFileReference; lastKnownFileType = wrapper.framework; name = CFNetwork.framework; path = System/Library/Frameworks/CFNetwork.framework; sourceTree = SDKROOT; };
		3A60093514238222003B5B43 /* CoreText.framework */ = {isa = PBXFileReference; lastKnownFileType = wrapper.framework; name = CoreText.framework; path = System/Library/Frameworks/CoreText.framework; sourceTree = SDKROOT; };
		3A6009371423822C003B5B43 /* MobileCoreServices.framework */ = {isa = PBXFileReference; lastKnownFileType = wrapper.framework; name = MobileCoreServices.framework; path = System/Library/Frameworks/MobileCoreServices.framework; sourceTree = SDKROOT; };
		3A60093914238239003B5B43 /* QuartzCore.framework */ = {isa = PBXFileReference; lastKnownFileType = wrapper.framework; name = QuartzCore.framework; path = System/Library/Frameworks/QuartzCore.framework; sourceTree = SDKROOT; };
		3A60093A14238239003B5B43 /* Security.framework */ = {isa = PBXFileReference; lastKnownFileType = wrapper.framework; name = Security.framework; path = System/Library/Frameworks/Security.framework; sourceTree = SDKROOT; };
		3A60093D14238244003B5B43 /* SystemConfiguration.framework */ = {isa = PBXFileReference; lastKnownFileType = wrapper.framework; name = SystemConfiguration.framework; path = System/Library/Frameworks/SystemConfiguration.framework; sourceTree = SDKROOT; };
		3A68EFF014238B83008DC819 /* MNOCoreDataManager.h */ = {isa = PBXFileReference; fileEncoding = 4; lastKnownFileType = sourcecode.c.h; path = MNOCoreDataManager.h; sourceTree = "<group>"; };
		3A68EFF114238B83008DC819 /* MNOCoreDataManager.m */ = {isa = PBXFileReference; fileEncoding = 4; lastKnownFileType = sourcecode.c.objc; path = MNOCoreDataManager.m; sourceTree = "<group>"; };
		3A68EFFC14239015008DC819 /* MNOHelpers.h */ = {isa = PBXFileReference; fileEncoding = 4; lastKnownFileType = sourcecode.c.h; path = MNOHelpers.h; sourceTree = "<group>"; };
		3A7761D31018A73E009F0CD1 /* SystemConfiguration.framework */ = {isa = PBXFileReference; lastKnownFileType = wrapper.framework; name = SystemConfiguration.framework; path = System/Library/Frameworks/SystemConfiguration.framework; sourceTree = SDKROOT; };
		3A789240142649F8004B07F0 /* UIView+MNOExtensions.h */ = {isa = PBXFileReference; fileEncoding = 4; lastKnownFileType = sourcecode.c.h; path = "UIView+MNOExtensions.h"; sourceTree = "<group>"; };
		3A789241142649F8004B07F0 /* UIView+MNOExtensions.m */ = {isa = PBXFileReference; fileEncoding = 4; lastKnownFileType = sourcecode.c.objc; path = "UIView+MNOExtensions.m"; sourceTree = "<group>"; };
		3A860E351429BD6F00649B27 /* MNOAppDelegate.h */ = {isa = PBXFileReference; fileEncoding = 4; lastKnownFileType = sourcecode.c.h; path = MNOAppDelegate.h; sourceTree = "<group>"; };
		3A860E361429BD6F00649B27 /* MNOAppDelegate.m */ = {isa = PBXFileReference; fileEncoding = 4; lastKnownFileType = sourcecode.c.objc; path = MNOAppDelegate.m; sourceTree = "<group>"; };
		3A860E381429BDF400649B27 /* MNOExternals.h */ = {isa = PBXFileReference; fileEncoding = 4; lastKnownFileType = sourcecode.c.h; path = MNOExternals.h; sourceTree = "<group>"; };
		3A860E3A1429BF1000649B27 /* MNOMapController.h */ = {isa = PBXFileReference; fileEncoding = 4; lastKnownFileType = sourcecode.c.h; path = MNOMapController.h; sourceTree = "<group>"; };
		3A860E3B1429BF1000649B27 /* MNOMapController.m */ = {isa = PBXFileReference; fileEncoding = 4; lastKnownFileType = sourcecode.c.objc; path = MNOMapController.m; sourceTree = "<group>"; };
		3A860E3C1429BF1000649B27 /* MNONoteEditorController.h */ = {isa = PBXFileReference; fileEncoding = 4; lastKnownFileType = sourcecode.c.h; path = MNONoteEditorController.h; sourceTree = "<group>"; };
		3A860E3D1429BF1000649B27 /* MNONoteEditorController.m */ = {isa = PBXFileReference; fileEncoding = 4; lastKnownFileType = sourcecode.c.objc; path = MNONoteEditorController.m; sourceTree = "<group>"; };
		3A860E3E1429BF1000649B27 /* MNONoteEditorControllerDelegate.h */ = {isa = PBXFileReference; fileEncoding = 4; lastKnownFileType = sourcecode.c.h; path = MNONoteEditorControllerDelegate.h; sourceTree = "<group>"; };
		3A860E3F1429BF1000649B27 /* MNORootController.h */ = {isa = PBXFileReference; fileEncoding = 4; lastKnownFileType = sourcecode.c.h; path = MNORootController.h; sourceTree = "<group>"; };
		3A860E401429BF1000649B27 /* MNORootController.m */ = {isa = PBXFileReference; fileEncoding = 4; lastKnownFileType = sourcecode.c.objc; path = MNORootController.m; sourceTree = "<group>"; };
		3A860E421429BF1000649B27 /* MNONoteCell.h */ = {isa = PBXFileReference; fileEncoding = 4; lastKnownFileType = sourcecode.c.h; path = MNONoteCell.h; sourceTree = "<group>"; };
		3A860E431429BF1000649B27 /* MNONoteCell.m */ = {isa = PBXFileReference; fileEncoding = 4; lastKnownFileType = sourcecode.c.objc; path = MNONoteCell.m; sourceTree = "<group>"; };
		3A860E441429BF1000649B27 /* MNONoteCellDelegate.h */ = {isa = PBXFileReference; fileEncoding = 4; lastKnownFileType = sourcecode.c.h; path = MNONoteCellDelegate.h; sourceTree = "<group>"; };
		3A860E451429BF1000649B27 /* MNONoteThumbnail.h */ = {isa = PBXFileReference; fileEncoding = 4; lastKnownFileType = sourcecode.c.h; path = MNONoteThumbnail.h; sourceTree = "<group>"; };
		3A860E461429BF1000649B27 /* MNONoteThumbnail.m */ = {isa = PBXFileReference; fileEncoding = 4; lastKnownFileType = sourcecode.c.objc; path = MNONoteThumbnail.m; sourceTree = "<group>"; };
		3A860E501429C25A00649B27 /* MNOViews.h */ = {isa = PBXFileReference; fileEncoding = 4; lastKnownFileType = sourcecode.c.h; path = MNOViews.h; sourceTree = "<group>"; };
		3A860E511429C53400649B27 /* MNONotifications.h */ = {isa = PBXFileReference; fileEncoding = 4; lastKnownFileType = sourcecode.c.h; path = MNONotifications.h; sourceTree = "<group>"; };
		3A860E521429C53400649B27 /* MNONotifications.m */ = {isa = PBXFileReference; fileEncoding = 4; lastKnownFileType = sourcecode.c.objc; path = MNONotifications.m; sourceTree = "<group>"; };
		3A860E541429C99100649B27 /* MNOModels.h */ = {isa = PBXFileReference; fileEncoding = 4; lastKnownFileType = sourcecode.c.h; path = MNOModels.h; sourceTree = "<group>"; };
		3A860E551429C9B600649B27 /* Note+MNOExtensions.h */ = {isa = PBXFileReference; fileEncoding = 4; lastKnownFileType = sourcecode.c.h; path = "Note+MNOExtensions.h"; sourceTree = "<group>"; };
		3A860E561429C9B600649B27 /* Note+MNOExtensions.m */ = {isa = PBXFileReference; fileEncoding = 4; lastKnownFileType = sourcecode.c.objc; path = "Note+MNOExtensions.m"; sourceTree = "<group>"; };
		3A860E581429CB6300649B27 /* MNOTwitterClient.h */ = {isa = PBXFileReference; fileEncoding = 4; lastKnownFileType = sourcecode.c.h; path = MNOTwitterClient.h; sourceTree = "<group>"; };
		3A860E591429CB6300649B27 /* MNOTwitterClient.m */ = {isa = PBXFileReference; fileEncoding = 4; lastKnownFileType = sourcecode.c.objc; path = MNOTwitterClient.m; sourceTree = "<group>"; };
		3A860E5B1429CB8900649B27 /* MNOTwitterClientManager.h */ = {isa = PBXFileReference; fileEncoding = 4; lastKnownFileType = sourcecode.c.h; path = MNOTwitterClientManager.h; sourceTree = "<group>"; };
		3A860E5C1429CB8900649B27 /* MNOTwitterClientManager.m */ = {isa = PBXFileReference; fileEncoding = 4; lastKnownFileType = sourcecode.c.objc; path = MNOTwitterClientManager.m; sourceTree = "<group>"; };
		3A860E5E1429CE0600649B27 /* MNOColorCode.h */ = {isa = PBXFileReference; fileEncoding = 4; lastKnownFileType = sourcecode.c.h; path = MNOColorCode.h; sourceTree = "<group>"; };
		3A860E5F1429CE2700649B27 /* MNOFontCode.h */ = {isa = PBXFileReference; fileEncoding = 4; lastKnownFileType = sourcecode.c.h; path = MNOFontCode.h; sourceTree = "<group>"; };
		3A860E601429CF3900649B27 /* MNOMapControllerPad.h */ = {isa = PBXFileReference; fileEncoding = 4; lastKnownFileType = sourcecode.c.h; path = MNOMapControllerPad.h; sourceTree = "<group>"; };
		3A860E611429CF3900649B27 /* MNOMapControllerPad.m */ = {isa = PBXFileReference; fileEncoding = 4; lastKnownFileType = sourcecode.c.objc; path = MNOMapControllerPad.m; sourceTree = "<group>"; };
		3A860E621429CF3900649B27 /* MNORootControllerPad.h */ = {isa = PBXFileReference; fileEncoding = 4; lastKnownFileType = sourcecode.c.h; path = MNORootControllerPad.h; sourceTree = "<group>"; };
		3A860E631429CF3900649B27 /* MNORootControllerPad.m */ = {isa = PBXFileReference; fileEncoding = 4; lastKnownFileType = sourcecode.c.objc; path = MNORootControllerPad.m; sourceTree = "<group>"; };
		3A860EE01429D1E000649B27 /* Notitas 2.xcdatamodel */ = {isa = PBXFileReference; lastKnownFileType = wrapper.xcdatamodel; path = "Notitas 2.xcdatamodel"; sourceTree = "<group>"; };
		3A860EE11429D1E000649B27 /* Notitas.xcdatamodel */ = {isa = PBXFileReference; lastKnownFileType = wrapper.xcdatamodel; path = Notitas.xcdatamodel; sourceTree = "<group>"; };
		3A860EE21429D1E000649B27 /* TwitterClients.plist */ = {isa = PBXFileReference; fileEncoding = 4; lastKnownFileType = text.plist.xml; path = TwitterClients.plist; sourceTree = "<group>"; };
		3A860EE31429D1E000649B27 /* Entitlements.entitlements */ = {isa = PBXFileReference; fileEncoding = 4; lastKnownFileType = text.xml; path = Entitlements.entitlements; sourceTree = "<group>"; };
		3A860EE51429D1E000649B27 /* Icon-72.png */ = {isa = PBXFileReference; lastKnownFileType = image.png; path = "Icon-72.png"; sourceTree = "<group>"; };
		3A860EE61429D1E000649B27 /* Icon-Small-50.png */ = {isa = PBXFileReference; lastKnownFileType = image.png; path = "Icon-Small-50.png"; sourceTree = "<group>"; };
		3A860EE71429D1E000649B27 /* Icon-Small.png */ = {isa = PBXFileReference; lastKnownFileType = image.png; path = "Icon-Small.png"; sourceTree = "<group>"; };
		3A860EE81429D1E000649B27 /* Icon-Small@2x.png */ = {isa = PBXFileReference; lastKnownFileType = image.png; path = "Icon-Small@2x.png"; sourceTree = "<group>"; };
		3A860EE91429D1E000649B27 /* Icon.png */ = {isa = PBXFileReference; lastKnownFileType = image.png; path = Icon.png; sourceTree = "<group>"; };
		3A860EEA1429D1E000649B27 /* Icon@2x.png */ = {isa = PBXFileReference; lastKnownFileType = image.png; path = "Icon@2x.png"; sourceTree = "<group>"; };
		3A860EEB1429D1E000649B27 /* iTunesArtwork */ = {isa = PBXFileReference; lastKnownFileType = file; path = iTunesArtwork; sourceTree = "<group>"; };
		3A860EED1429D1E000649B27 /* 216-compose.png */ = {isa = PBXFileReference; lastKnownFileType = image.png; path = "216-compose.png"; sourceTree = "<group>"; };
		3A860EEE1429D1E000649B27 /* 216-compose@2x.png */ = {isa = PBXFileReference; lastKnownFileType = image.png; path = "216-compose@2x.png"; sourceTree = "<group>"; };
		3A860EEF1429D1E000649B27 /* color.png */ = {isa = PBXFileReference; lastKnownFileType = image.png; path = color.png; sourceTree = "<group>"; };
		3A860EF01429D1E000649B27 /* color@2x.png */ = {isa = PBXFileReference; lastKnownFileType = image.png; path = "color@2x.png"; sourceTree = "<group>"; };
		3A860EF11429D1E000649B27 /* Default.png */ = {isa = PBXFileReference; lastKnownFileType = image.png; path = Default.png; sourceTree = "<group>"; };
		3A860EF21429D1E000649B27 /* Default@2x.png */ = {isa = PBXFileReference; lastKnownFileType = image.png; path = "Default@2x.png"; sourceTree = "<group>"; };
		3A860EF31429D1E000649B27 /* font.png */ = {isa = PBXFileReference; lastKnownFileType = image.png; path = font.png; sourceTree = "<group>"; };
		3A860EF41429D1E000649B27 /* font@2x.png */ = {isa = PBXFileReference; lastKnownFileType = image.png; path = "font@2x.png"; sourceTree = "<group>"; };
		3A860EF51429D1E000649B27 /* location.png */ = {isa = PBXFileReference; lastKnownFileType = image.png; path = location.png; sourceTree = "<group>"; };
		3A860EF61429D1E000649B27 /* location@2x.png */ = {isa = PBXFileReference; lastKnownFileType = image.png; path = "location@2x.png"; sourceTree = "<group>"; };
		3A860EFD1429D1E000649B27 /* small_thumbnail0.png */ = {isa = PBXFileReference; lastKnownFileType = image.png; path = small_thumbnail0.png; sourceTree = "<group>"; };
		3A860EFE1429D1E000649B27 /* small_thumbnail1.png */ = {isa = PBXFileReference; lastKnownFileType = image.png; path = small_thumbnail1.png; sourceTree = "<group>"; };
		3A860EFF1429D1E000649B27 /* small_thumbnail2.png */ = {isa = PBXFileReference; lastKnownFileType = image.png; path = small_thumbnail2.png; sourceTree = "<group>"; };
		3A860F001429D1E000649B27 /* small_thumbnail3.png */ = {isa = PBXFileReference; lastKnownFileType = image.png; path = small_thumbnail3.png; sourceTree = "<group>"; };
		3A860F031429D1E000649B27 /* 02-redo.png */ = {isa = PBXFileReference; lastKnownFileType = image.png; path = "02-redo.png"; sourceTree = "<group>"; };
		3A860F041429D1E000649B27 /* 02-redo@2x.png */ = {isa = PBXFileReference; lastKnownFileType = image.png; path = "02-redo@2x.png"; sourceTree = "<group>"; };
		3A860F051429D1E000649B27 /* 103-map.png */ = {isa = PBXFileReference; lastKnownFileType = image.png; path = "103-map.png"; sourceTree = "<group>"; };
		3A860F061429D1E000649B27 /* 103-map@2x.png */ = {isa = PBXFileReference; lastKnownFileType = image.png; path = "103-map@2x.png"; sourceTree = "<group>"; };
		3A860F071429D1E000649B27 /* 18-envelope.png */ = {isa = PBXFileReference; lastKnownFileType = image.png; path = "18-envelope.png"; sourceTree = "<group>"; };
		3A860F081429D1E000649B27 /* 18-envelope@2x.png */ = {isa = PBXFileReference; lastKnownFileType = image.png; path = "18-envelope@2x.png"; sourceTree = "<group>"; };
		3A860F091429D1E000649B27 /* 209-twitter.png */ = {isa = PBXFileReference; lastKnownFileType = image.png; path = "209-twitter.png"; sourceTree = "<group>"; };
		3A860F0A1429D1E000649B27 /* 209-twitter@2x.png */ = {isa = PBXFileReference; lastKnownFileType = image.png; path = "209-twitter@2x.png"; sourceTree = "<group>"; };
		3A860F0B1429D1E000649B27 /* 213-reply.png */ = {isa = PBXFileReference; lastKnownFileType = image.png; path = "213-reply.png"; sourceTree = "<group>"; };
		3A860F0C1429D1E000649B27 /* 213-reply@2x.png */ = {isa = PBXFileReference; lastKnownFileType = image.png; path = "213-reply@2x.png"; sourceTree = "<group>"; };
		3A860F0D1429D1E000649B27 /* background_ipad.jpg */ = {isa = PBXFileReference; lastKnownFileType = image.jpeg; path = background_ipad.jpg; sourceTree = "<group>"; };
		3A860F0E1429D1E000649B27 /* Default-Landscape.png */ = {isa = PBXFileReference; lastKnownFileType = image.png; path = "Default-Landscape.png"; sourceTree = "<group>"; };
		3A860F0F1429D1E000649B27 /* Default-Portrait.png */ = {isa = PBXFileReference; lastKnownFileType = image.png; path = "Default-Portrait.png"; sourceTree = "<group>"; };
		3A860F111429D1E000649B27 /* MainWindow-iPad.xib */ = {isa = PBXFileReference; fileEncoding = 4; lastKnownFileType = file.xib; path = "MainWindow-iPad.xib"; sourceTree = "<group>"; };
		3A860F121429D1E000649B27 /* MNOMapControllerPad.xib */ = {isa = PBXFileReference; fileEncoding = 4; lastKnownFileType = file.xib; path = MNOMapControllerPad.xib; sourceTree = "<group>"; };
		3A860F141429D1E000649B27 /* MainWindow.xib */ = {isa = PBXFileReference; fileEncoding = 4; lastKnownFileType = file.xib; path = MainWindow.xib; sourceTree = "<group>"; };
		3A860F151429D1E000649B27 /* MNOMapController.xib */ = {isa = PBXFileReference; fileEncoding = 4; lastKnownFileType = file.xib; path = MNOMapController.xib; sourceTree = "<group>"; };
		3A860F161429D1E000649B27 /* MNONoteEditorController.xib */ = {isa = PBXFileReference; fileEncoding = 4; lastKnownFileType = file.xib; path = MNONoteEditorController.xib; sourceTree = "<group>"; };
		3A860F171429D1E000649B27 /* Settings.bundle */ = {isa = PBXFileReference; lastKnownFileType = "wrapper.plug-in"; path = Settings.bundle; sourceTree = "<group>"; };
		3A860F191429D1E000649B27 /* Erase.caf */ = {isa = PBXFileReference; lastKnownFileType = file; path = Erase.caf; sourceTree = "<group>"; };
		3A860F1C1429D1E000649B27 /* de */ = {isa = PBXFileReference; lastKnownFileType = text.plist.strings; name = de; path = de.lproj/Localizable.strings; sourceTree = "<group>"; };
		3A860F1D1429D1E000649B27 /* en */ = {isa = PBXFileReference; lastKnownFileType = text.plist.strings; name = en; path = en.lproj/Localizable.strings; sourceTree = "<group>"; };
		3A860F1E1429D1E000649B27 /* es */ = {isa = PBXFileReference; lastKnownFileType = text.plist.strings; name = es; path = es.lproj/Localizable.strings; sourceTree = "<group>"; };
		3A860F1F1429D1E000649B27 /* fr */ = {isa = PBXFileReference; lastKnownFileType = text.plist.strings; name = fr; path = fr.lproj/Localizable.strings; sourceTree = "<group>"; };
		3A8DBBD3144C4C2400DA46EC /* libz.dylib */ = {isa = PBXFileReference; lastKnownFileType = "compiled.mach-o.dylib"; name = libz.dylib; path = usr/lib/libz.dylib; sourceTree = SDKROOT; };
		3AA753E510179806007B3E5C /* AudioToolbox.framework */ = {isa = PBXFileReference; lastKnownFileType = wrapper.framework; name = AudioToolbox.framework; path = System/Library/Frameworks/AudioToolbox.framework; sourceTree = SDKROOT; };
		3AC2056D142E2D1900DF256C /* Notitas 3.xcdatamodel */ = {isa = PBXFileReference; lastKnownFileType = wrapper.xcdatamodel; path = "Notitas 3.xcdatamodel"; sourceTree = "<group>"; };
		3AC2056E142E2E8100DF256C /* MNOBoard.h */ = {isa = PBXFileReference; fileEncoding = 4; lastKnownFileType = sourcecode.c.h; path = MNOBoard.h; sourceTree = "<group>"; };
		3AC2056F142E2E8100DF256C /* MNOBoard.m */ = {isa = PBXFileReference; fileEncoding = 4; lastKnownFileType = sourcecode.c.objc; path = MNOBoard.m; sourceTree = "<group>"; };
		3AC20571142E2E8200DF256C /* Note.h */ = {isa = PBXFileReference; fileEncoding = 4; lastKnownFileType = sourcecode.c.h; path = Note.h; sourceTree = "<group>"; };
		3AC20572142E2E8200DF256C /* Note.m */ = {isa = PBXFileReference; fileEncoding = 4; lastKnownFileType = sourcecode.c.objc; path = Note.m; sourceTree = "<group>"; };
		3AD3F63E142391B600812023 /* MNOSoundManager.h */ = {isa = PBXFileReference; fileEncoding = 4; lastKnownFileType = sourcecode.c.h; path = MNOSoundManager.h; sourceTree = "<group>"; };
		3AD3F63F142391B600812023 /* MNOSoundManager.m */ = {isa = PBXFileReference; fileEncoding = 4; lastKnownFileType = sourcecode.c.objc; path = MNOSoundManager.m; sourceTree = "<group>"; };
		8D1107310486CEB800E47090 /* Notitas-Info.plist */ = {isa = PBXFileReference; fileEncoding = 4; lastKnownFileType = text.plist.xml; name = "Notitas-Info.plist"; path = "../Notitas-Info.plist"; plistStructureDefinitionIdentifier = "com.apple.xcode.plist.structure-definition.iphone.info-plist"; sourceTree = "<group>"; };
/* End PBXFileReference section */

/* Begin PBXFrameworksBuildPhase section */
		1D60588F0D05DD3D006BFB54 /* Frameworks */ = {
			isa = PBXFrameworksBuildPhase;
			buildActionMask = 2147483647;
			files = (
				3A8DBBD4144C4C2400DA46EC /* libz.dylib in Frameworks */,
				3A7761D41018A73E009F0CD1 /* SystemConfiguration.framework in Frameworks */,
				3A60093B14238239003B5B43 /* QuartzCore.framework in Frameworks */,
				3A60093C14238239003B5B43 /* Security.framework in Frameworks */,
				3A6009381423822C003B5B43 /* MobileCoreServices.framework in Frameworks */,
				3A60093614238222003B5B43 /* CoreText.framework in Frameworks */,
				3A60093414238218003B5B43 /* CFNetwork.framework in Frameworks */,
				3A60093214238209003B5B43 /* MediaPlayer.framework in Frameworks */,
				1D60589F0D05DD5A006BFB54 /* Foundation.framework in Frameworks */,
				1DF5F4E00D08C38300B7A737 /* UIKit.framework in Frameworks */,
				2892E4100DC94CBA00A64D0F /* CoreGraphics.framework in Frameworks */,
				28860BE50F44EE6400985440 /* CoreData.framework in Frameworks */,
				3A15C47D101754B600ECB335 /* MessageUI.framework in Frameworks */,
				3A15C4BF10175AA500ECB335 /* CoreLocation.framework in Frameworks */,
				3A15C4C310175AB700ECB335 /* MapKit.framework in Frameworks */,
				3AA753E610179806007B3E5C /* AudioToolbox.framework in Frameworks */,
				3A60092E142381B9003B5B43 /* AKOLibrary.framework in Frameworks */,
			);
			runOnlyForDeploymentPostprocessing = 0;
		};
/* End PBXFrameworksBuildPhase section */

/* Begin PBXGroup section */
		19C28FACFE9D520D11CA2CBB /* Products */ = {
			isa = PBXGroup;
			children = (
				1D6058910D05DD3D006BFB54 /* Notitas.app */,
			);
			name = Products;
			sourceTree = "<group>";
		};
		29B97314FDCFA39411CA2CEA /* CustomTemplate */ = {
			isa = PBXGroup;
			children = (
				3A4D6B7A1098280000F3DB45 /* Externals */,
				3AC5BF901015986900D062A4 /* Classes */,
				3A860EDD1429D1DF00649B27 /* Resources */,
				29B97315FDCFA39411CA2CEA /* Other Sources */,
				29B97323FDCFA39411CA2CEA /* Frameworks */,
				19C28FACFE9D520D11CA2CBB /* Products */,
			);
			name = CustomTemplate;
			sourceTree = "<group>";
		};
		29B97315FDCFA39411CA2CEA /* Other Sources */ = {
			isa = PBXGroup;
			children = (
				28A0AAE50D9B0CCF005BE974 /* Notitas_Prefix.pch */,
				29B97316FDCFA39411CA2CEA /* main.m */,
			);
			name = "Other Sources";
			sourceTree = "<group>";
		};
		29B97323FDCFA39411CA2CEA /* Frameworks */ = {
			isa = PBXGroup;
			children = (
				3A8DBBD3144C4C2400DA46EC /* libz.dylib */,
				3A60092D142381B9003B5B43 /* AKOLibrary.framework */,
				3A60093D14238244003B5B43 /* SystemConfiguration.framework */,
				3A60093914238239003B5B43 /* QuartzCore.framework */,
				3A60093A14238239003B5B43 /* Security.framework */,
				3A6009371423822C003B5B43 /* MobileCoreServices.framework */,
				3A60093514238222003B5B43 /* CoreText.framework */,
				3A60093314238218003B5B43 /* CFNetwork.framework */,
				3A60093114238209003B5B43 /* MediaPlayer.framework */,
				3A7761D31018A73E009F0CD1 /* SystemConfiguration.framework */,
				3AA753E510179806007B3E5C /* AudioToolbox.framework */,
				3A15C4C210175AB700ECB335 /* MapKit.framework */,
				3A15C4BE10175AA500ECB335 /* CoreLocation.framework */,
				3A15C47C101754B600ECB335 /* MessageUI.framework */,
				1DF5F4DF0D08C38300B7A737 /* UIKit.framework */,
				1D30AB110D05D00D00671497 /* Foundation.framework */,
				2892E40F0DC94CBA00A64D0F /* CoreGraphics.framework */,
				28860BE40F44EE6400985440 /* CoreData.framework */,
			);
			name = Frameworks;
			sourceTree = "<group>";
		};
		3A1F0D381423D52A00BEBE5E /* iPad */ = {
			isa = PBXGroup;
			children = (
				3A860E621429CF3900649B27 /* MNORootControllerPad.h */,
				3A860E631429CF3900649B27 /* MNORootControllerPad.m */,
				3A860E601429CF3900649B27 /* MNOMapControllerPad.h */,
				3A860E611429CF3900649B27 /* MNOMapControllerPad.m */,
			);
			path = iPad;
			sourceTree = "<group>";
		};
		3A4D6B7A1098280000F3DB45 /* Externals */ = {
			isa = PBXGroup;
			children = (
				3A4D6B7B1098280000F3DB45 /* appirater */,
				3A860E381429BDF400649B27 /* MNOExternals.h */,
			);
			path = Externals;
			sourceTree = "<group>";
		};
		3A4D6B7B1098280000F3DB45 /* appirater */ = {
			isa = PBXGroup;
			children = (
				3A4D6B7C1098280000F3DB45 /* Appirater.h */,
				3A4D6B7D1098280000F3DB45 /* Appirater.m */,
			);
			path = appirater;
			sourceTree = "<group>";
		};
		3A860E391429BF1000649B27 /* Controllers */ = {
			isa = PBXGroup;
			children = (
				3A860E3F1429BF1000649B27 /* MNORootController.h */,
				3A860E401429BF1000649B27 /* MNORootController.m */,
				3A860E3C1429BF1000649B27 /* MNONoteEditorController.h */,
				3A860E3D1429BF1000649B27 /* MNONoteEditorController.m */,
				3A860E3E1429BF1000649B27 /* MNONoteEditorControllerDelegate.h */,
				3A860E3A1429BF1000649B27 /* MNOMapController.h */,
				3A860E3B1429BF1000649B27 /* MNOMapController.m */,
			);
			path = Controllers;
			sourceTree = "<group>";
		};
		3A860E411429BF1000649B27 /* Views */ = {
			isa = PBXGroup;
			children = (
				3A860E501429C25A00649B27 /* MNOViews.h */,
				3A860E421429BF1000649B27 /* MNONoteCell.h */,
				3A860E431429BF1000649B27 /* MNONoteCell.m */,
				3A860E441429BF1000649B27 /* MNONoteCellDelegate.h */,
				3A860E451429BF1000649B27 /* MNONoteThumbnail.h */,
				3A860E461429BF1000649B27 /* MNONoteThumbnail.m */,
			);
			path = Views;
			sourceTree = "<group>";
		};
		3A860EDD1429D1DF00649B27 /* Resources */ = {
			isa = PBXGroup;
			children = (
				8D1107310486CEB800E47090 /* Notitas-Info.plist */,
				3A860EE31429D1E000649B27 /* Entitlements.entitlements */,
				3A860F171429D1E000649B27 /* Settings.bundle */,
				3A860EDE1429D1E000649B27 /* Data */,
				3A860EE41429D1E000649B27 /* Icons */,
				3A860EEC1429D1E000649B27 /* Images */,
				3A860F131429D1E000649B27 /* NIBs */,
				3A860F181429D1E000649B27 /* Sounds */,
				3A860F1A1429D1E000649B27 /* Strings */,
				3A860F011429D1E000649B27 /* iPad */,
			);
			path = Resources;
			sourceTree = "<group>";
		};
		3A860EDE1429D1E000649B27 /* Data */ = {
			isa = PBXGroup;
			children = (
				3A860EDF1429D1E000649B27 /* Notitas.xcdatamodeld */,
				3A860EE21429D1E000649B27 /* TwitterClients.plist */,
			);
			path = Data;
			sourceTree = "<group>";
		};
		3A860EE41429D1E000649B27 /* Icons */ = {
			isa = PBXGroup;
			children = (
				3A860EE51429D1E000649B27 /* Icon-72.png */,
				3A860EE61429D1E000649B27 /* Icon-Small-50.png */,
				3A860EE71429D1E000649B27 /* Icon-Small.png */,
				3A860EE81429D1E000649B27 /* Icon-Small@2x.png */,
				3A860EE91429D1E000649B27 /* Icon.png */,
				3A860EEA1429D1E000649B27 /* Icon@2x.png */,
				3A860EEB1429D1E000649B27 /* iTunesArtwork */,
			);
			path = Icons;
			sourceTree = "<group>";
		};
		3A860EEC1429D1E000649B27 /* Images */ = {
			isa = PBXGroup;
			children = (
				3A860EED1429D1E000649B27 /* 216-compose.png */,
				3A860EEE1429D1E000649B27 /* 216-compose@2x.png */,
				3A860EEF1429D1E000649B27 /* color.png */,
				3A860EF01429D1E000649B27 /* color@2x.png */,
				3A860EF11429D1E000649B27 /* Default.png */,
				3A860EF21429D1E000649B27 /* Default@2x.png */,
				3A860EF31429D1E000649B27 /* font.png */,
				3A860EF41429D1E000649B27 /* font@2x.png */,
				3A860EF51429D1E000649B27 /* location.png */,
				3A860EF61429D1E000649B27 /* location@2x.png */,
				3A860EFD1429D1E000649B27 /* small_thumbnail0.png */,
				3A860EFE1429D1E000649B27 /* small_thumbnail1.png */,
				3A860EFF1429D1E000649B27 /* small_thumbnail2.png */,
				3A860F001429D1E000649B27 /* small_thumbnail3.png */,
			);
			path = Images;
			sourceTree = "<group>";
		};
		3A860F011429D1E000649B27 /* iPad */ = {
			isa = PBXGroup;
			children = (
				3A860F021429D1E000649B27 /* Images */,
				3A860F101429D1E000649B27 /* NIBs */,
			);
			path = iPad;
			sourceTree = "<group>";
		};
		3A860F021429D1E000649B27 /* Images */ = {
			isa = PBXGroup;
			children = (
				3A09E58D14371F510079DDE5 /* 42-photos.png */,
				3A09E58E14371F510079DDE5 /* 42-photos@2x.png */,
				3A09E58914371A200079DDE5 /* 300-orgchart.png */,
				3A09E58A14371A200079DDE5 /* 300-orgchart@2x.png */,
				3A860F031429D1E000649B27 /* 02-redo.png */,
				3A860F041429D1E000649B27 /* 02-redo@2x.png */,
				3A860F051429D1E000649B27 /* 103-map.png */,
				3A860F061429D1E000649B27 /* 103-map@2x.png */,
				3A860F071429D1E000649B27 /* 18-envelope.png */,
				3A860F081429D1E000649B27 /* 18-envelope@2x.png */,
				3A860F091429D1E000649B27 /* 209-twitter.png */,
				3A860F0A1429D1E000649B27 /* 209-twitter@2x.png */,
				3A860F0B1429D1E000649B27 /* 213-reply.png */,
				3A860F0C1429D1E000649B27 /* 213-reply@2x.png */,
				3A860F0D1429D1E000649B27 /* background_ipad.jpg */,
				3A860F0E1429D1E000649B27 /* Default-Landscape.png */,
				3A860F0F1429D1E000649B27 /* Default-Portrait.png */,
			);
			path = Images;
			sourceTree = "<group>";
		};
		3A860F101429D1E000649B27 /* NIBs */ = {
			isa = PBXGroup;
			children = (
				3A860F111429D1E000649B27 /* MainWindow-iPad.xib */,
				3A860F121429D1E000649B27 /* MNOMapControllerPad.xib */,
			);
			path = NIBs;
			sourceTree = "<group>";
		};
		3A860F131429D1E000649B27 /* NIBs */ = {
			isa = PBXGroup;
			children = (
				3A860F141429D1E000649B27 /* MainWindow.xib */,
				3A860F151429D1E000649B27 /* MNOMapController.xib */,
				3A860F161429D1E000649B27 /* MNONoteEditorController.xib */,
			);
			path = NIBs;
			sourceTree = "<group>";
		};
		3A860F181429D1E000649B27 /* Sounds */ = {
			isa = PBXGroup;
			children = (
				3A860F191429D1E000649B27 /* Erase.caf */,
			);
			path = Sounds;
			sourceTree = "<group>";
		};
		3A860F1A1429D1E000649B27 /* Strings */ = {
			isa = PBXGroup;
			children = (
				3A860F1B1429D1E000649B27 /* Localizable.strings */,
			);
			path = Strings;
			sourceTree = "<group>";
		};
		3AC5BF901015986900D062A4 /* Classes */ = {
			isa = PBXGroup;
			children = (
				3AC5BF911015986900D062A4 /* AppDelegate */,
				3A860E391429BF1000649B27 /* Controllers */,
				3A860E411429BF1000649B27 /* Views */,
				3AC5BF971015986900D062A4 /* Helpers */,
				3AC5BF981015986900D062A4 /* Models */,
				3A1F0D381423D52A00BEBE5E /* iPad */,
			);
			path = Classes;
			sourceTree = "<group>";
		};
		3AC5BF911015986900D062A4 /* AppDelegate */ = {
			isa = PBXGroup;
			children = (
				3A860E351429BD6F00649B27 /* MNOAppDelegate.h */,
				3A860E361429BD6F00649B27 /* MNOAppDelegate.m */,
			);
			path = AppDelegate;
			sourceTree = "<group>";
		};
		3AC5BF971015986900D062A4 /* Helpers */ = {
			isa = PBXGroup;
			children = (
				3A68EFFC14239015008DC819 /* MNOHelpers.h */,
				3A68EFF014238B83008DC819 /* MNOCoreDataManager.h */,
				3A68EFF114238B83008DC819 /* MNOCoreDataManager.m */,
				3AD3F63E142391B600812023 /* MNOSoundManager.h */,
				3AD3F63F142391B600812023 /* MNOSoundManager.m */,
				3A860E581429CB6300649B27 /* MNOTwitterClient.h */,
				3A860E591429CB6300649B27 /* MNOTwitterClient.m */,
				3A860E5B1429CB8900649B27 /* MNOTwitterClientManager.h */,
				3A860E5C1429CB8900649B27 /* MNOTwitterClientManager.m */,
				3A860E5E1429CE0600649B27 /* MNOColorCode.h */,
				3A860E5F1429CE2700649B27 /* MNOFontCode.h */,
				3A789240142649F8004B07F0 /* UIView+MNOExtensions.h */,
				3A789241142649F8004B07F0 /* UIView+MNOExtensions.m */,
				3A860E511429C53400649B27 /* MNONotifications.h */,
				3A860E521429C53400649B27 /* MNONotifications.m */,
			);
			path = Helpers;
			sourceTree = "<group>";
		};
		3AC5BF981015986900D062A4 /* Models */ = {
			isa = PBXGroup;
			children = (
				3A860E541429C99100649B27 /* MNOModels.h */,
				3AC20571142E2E8200DF256C /* Note.h */,
				3AC20572142E2E8200DF256C /* Note.m */,
				3AC2056E142E2E8100DF256C /* MNOBoard.h */,
				3AC2056F142E2E8100DF256C /* MNOBoard.m */,
				3A860E551429C9B600649B27 /* Note+MNOExtensions.h */,
				3A860E561429C9B600649B27 /* Note+MNOExtensions.m */,
			);
			path = Models;
			sourceTree = "<group>";
		};
/* End PBXGroup section */

/* Begin PBXNativeTarget section */
		1D6058900D05DD3D006BFB54 /* Notitas */ = {
			isa = PBXNativeTarget;
			buildConfigurationList = 1D6058960D05DD3E006BFB54 /* Build configuration list for PBXNativeTarget "Notitas" */;
			buildPhases = (
				1D60588D0D05DD3D006BFB54 /* Resources */,
				1D60588E0D05DD3D006BFB54 /* Sources */,
				1D60588F0D05DD3D006BFB54 /* Frameworks */,
			);
			buildRules = (
			);
			dependencies = (
			);
			name = Notitas;
			productName = Notitas;
			productReference = 1D6058910D05DD3D006BFB54 /* Notitas.app */;
			productType = "com.apple.product-type.application";
		};
/* End PBXNativeTarget section */

/* Begin PBXProject section */
		29B97313FDCFA39411CA2CEA /* Project object */ = {
			isa = PBXProject;
			attributes = {
				LastUpgradeCheck = 0410;
				ORGANIZATIONNAME = "akosma software";
			};
			buildConfigurationList = C01FCF4E08A954540054247B /* Build configuration list for PBXProject "Notitas" */;
			compatibilityVersion = "Xcode 3.2";
			developmentRegion = English;
			hasScannedForEncodings = 1;
			knownRegions = (
				English,
				Japanese,
				French,
				German,
				en,
				fr,
				es,
				de,
			);
			mainGroup = 29B97314FDCFA39411CA2CEA /* CustomTemplate */;
			projectDirPath = "";
			projectRoot = "";
			targets = (
				1D6058900D05DD3D006BFB54 /* Notitas */,
			);
		};
/* End PBXProject section */

/* Begin PBXResourcesBuildPhase section */
		1D60588D0D05DD3D006BFB54 /* Resources */ = {
			isa = PBXResourcesBuildPhase;
			buildActionMask = 2147483647;
			files = (
				3A860F211429D1E000649B27 /* TwitterClients.plist in Resources */,
				3A860F221429D1E000649B27 /* Entitlements.entitlements in Resources */,
				3A860F231429D1E000649B27 /* Icon-72.png in Resources */,
				3A860F241429D1E000649B27 /* Icon-Small-50.png in Resources */,
				3A860F251429D1E000649B27 /* Icon-Small.png in Resources */,
				3A860F261429D1E000649B27 /* Icon-Small@2x.png in Resources */,
				3A860F271429D1E000649B27 /* Icon.png in Resources */,
				3A860F281429D1E000649B27 /* Icon@2x.png in Resources */,
				3A860F291429D1E000649B27 /* iTunesArtwork in Resources */,
				3A860F2A1429D1E000649B27 /* 216-compose.png in Resources */,
				3A860F2B1429D1E000649B27 /* 216-compose@2x.png in Resources */,
				3A860F2C1429D1E000649B27 /* color.png in Resources */,
				3A860F2D1429D1E000649B27 /* color@2x.png in Resources */,
				3A860F2E1429D1E000649B27 /* Default.png in Resources */,
				3A860F2F1429D1E000649B27 /* Default@2x.png in Resources */,
				3A860F301429D1E000649B27 /* font.png in Resources */,
				3A860F311429D1E000649B27 /* font@2x.png in Resources */,
				3A860F321429D1E000649B27 /* location.png in Resources */,
				3A860F331429D1E000649B27 /* location@2x.png in Resources */,
				3A860F391429D1E000649B27 /* small_thumbnail0.png in Resources */,
				3A860F3A1429D1E000649B27 /* small_thumbnail1.png in Resources */,
				3A860F3B1429D1E000649B27 /* small_thumbnail2.png in Resources */,
				3A860F3C1429D1E000649B27 /* small_thumbnail3.png in Resources */,
				3A860F3D1429D1E000649B27 /* 02-redo.png in Resources */,
				3A860F3E1429D1E000649B27 /* 02-redo@2x.png in Resources */,
				3A860F3F1429D1E000649B27 /* 103-map.png in Resources */,
				3A860F401429D1E000649B27 /* 103-map@2x.png in Resources */,
				3A860F411429D1E000649B27 /* 18-envelope.png in Resources */,
				3A860F421429D1E000649B27 /* 18-envelope@2x.png in Resources */,
				3A860F431429D1E000649B27 /* 209-twitter.png in Resources */,
				3A860F441429D1E000649B27 /* 209-twitter@2x.png in Resources */,
				3A860F451429D1E000649B27 /* 213-reply.png in Resources */,
				3A860F461429D1E000649B27 /* 213-reply@2x.png in Resources */,
				3A860F471429D1E000649B27 /* background_ipad.jpg in Resources */,
				3A860F481429D1E000649B27 /* Default-Landscape.png in Resources */,
				3A860F491429D1E000649B27 /* Default-Portrait.png in Resources */,
				3A860F4A1429D1E000649B27 /* MainWindow-iPad.xib in Resources */,
				3A860F4B1429D1E000649B27 /* MNOMapControllerPad.xib in Resources */,
				3A860F4C1429D1E000649B27 /* MainWindow.xib in Resources */,
				3A860F4D1429D1E000649B27 /* MNOMapController.xib in Resources */,
				3A860F4E1429D1E000649B27 /* MNONoteEditorController.xib in Resources */,
				3A860F4F1429D1E000649B27 /* Settings.bundle in Resources */,
				3A860F501429D1E000649B27 /* Erase.caf in Resources */,
				3A860F511429D1E000649B27 /* Localizable.strings in Resources */,
				3A09E58B14371A200079DDE5 /* 300-orgchart.png in Resources */,
				3A09E58C14371A200079DDE5 /* 300-orgchart@2x.png in Resources */,
				3A09E58F14371F510079DDE5 /* 42-photos.png in Resources */,
				3A09E59014371F510079DDE5 /* 42-photos@2x.png in Resources */,
			);
			runOnlyForDeploymentPostprocessing = 0;
		};
/* End PBXResourcesBuildPhase section */

/* Begin PBXSourcesBuildPhase section */
		1D60588E0D05DD3D006BFB54 /* Sources */ = {
			isa = PBXSourcesBuildPhase;
			buildActionMask = 2147483647;
			files = (
				1D60589B0D05DD56006BFB54 /* main.m in Sources */,
				3A4D6B7F1098280000F3DB45 /* Appirater.m in Sources */,
				3A68EFF214238B83008DC819 /* MNOCoreDataManager.m in Sources */,
				3AD3F640142391B600812023 /* MNOSoundManager.m in Sources */,
				3A789242142649F8004B07F0 /* UIView+MNOExtensions.m in Sources */,
				3A860E371429BD6F00649B27 /* MNOAppDelegate.m in Sources */,
				3A860E471429BF1000649B27 /* MNOMapController.m in Sources */,
				3A860E481429BF1000649B27 /* MNONoteEditorController.m in Sources */,
				3A860E491429BF1000649B27 /* MNORootController.m in Sources */,
				3A860E4A1429BF1000649B27 /* MNONoteCell.m in Sources */,
				3A860E4B1429BF1000649B27 /* MNONoteThumbnail.m in Sources */,
				3A860E531429C53400649B27 /* MNONotifications.m in Sources */,
				3A860E571429C9B600649B27 /* Note+MNOExtensions.m in Sources */,
				3A860E5A1429CB6500649B27 /* MNOTwitterClient.m in Sources */,
				3A860E5D1429CB8900649B27 /* MNOTwitterClientManager.m in Sources */,
				3A860E641429CF3900649B27 /* MNOMapControllerPad.m in Sources */,
				3A860E651429CF3900649B27 /* MNORootControllerPad.m in Sources */,
				3A860F201429D1E000649B27 /* Notitas.xcdatamodeld in Sources */,
				3AC20570142E2E8100DF256C /* MNOBoard.m in Sources */,
				3AC20573142E2E8200DF256C /* Note.m in Sources */,
			);
			runOnlyForDeploymentPostprocessing = 0;
		};
/* End PBXSourcesBuildPhase section */

/* Begin PBXVariantGroup section */
		3A860F1B1429D1E000649B27 /* Localizable.strings */ = {
			isa = PBXVariantGroup;
			children = (
				3A860F1C1429D1E000649B27 /* de */,
				3A860F1D1429D1E000649B27 /* en */,
				3A860F1E1429D1E000649B27 /* es */,
				3A860F1F1429D1E000649B27 /* fr */,
			);
			name = Localizable.strings;
			sourceTree = "<group>";
		};
/* End PBXVariantGroup section */

/* Begin XCBuildConfiguration section */
		1D6058940D05DD3E006BFB54 /* Debug */ = {
			isa = XCBuildConfiguration;
			buildSettings = {
				ALWAYS_SEARCH_USER_PATHS = NO;
				COPY_PHASE_STRIP = NO;
				FRAMEWORK_SEARCH_PATHS = (
					"$(inherited)",
					"\"$(SRCROOT)/Externals\"",
				);
				GCC_DYNAMIC_NO_PIC = NO;
				GCC_OPTIMIZATION_LEVEL = 0;
				GCC_PRECOMPILE_PREFIX_HEADER = YES;
				GCC_PREFIX_HEADER = Notitas_Prefix.pch;
				GCC_TREAT_WARNINGS_AS_ERRORS = YES;
				GCC_VERSION = com.apple.compilers.llvmgcc42;
				INFOPLIST_FILE = "Notitas-Info.plist";
				IPHONEOS_DEPLOYMENT_TARGET = 4.0;
				OTHER_LDFLAGS = "-all_load";
				PRODUCT_NAME = Notitas;
				RUN_CLANG_STATIC_ANALYZER = YES;
				TARGETED_DEVICE_FAMILY = "1,2";
			};
			name = Debug;
		};
		1D6058950D05DD3E006BFB54 /* Release */ = {
			isa = XCBuildConfiguration;
			buildSettings = {
				ALWAYS_SEARCH_USER_PATHS = NO;
				COPY_PHASE_STRIP = YES;
				FRAMEWORK_SEARCH_PATHS = (
					"$(inherited)",
					"\"$(SRCROOT)/Externals\"",
				);
				GCC_PRECOMPILE_PREFIX_HEADER = YES;
				GCC_PREFIX_HEADER = Notitas_Prefix.pch;
				GCC_TREAT_WARNINGS_AS_ERRORS = YES;
				GCC_VERSION = com.apple.compilers.llvmgcc42;
				INFOPLIST_FILE = "Notitas-Info.plist";
				IPHONEOS_DEPLOYMENT_TARGET = 4.0;
				OTHER_LDFLAGS = "-all_load";
				PRODUCT_NAME = Notitas;
				RUN_CLANG_STATIC_ANALYZER = YES;
				TARGETED_DEVICE_FAMILY = "1,2";
			};
			name = Release;
		};
		C01FCF4F08A954540054247B /* Debug */ = {
			isa = XCBuildConfiguration;
			buildSettings = {
				ARCHS = "$(ARCHS_STANDARD_32_BIT)";
				"CODE_SIGN_IDENTITY[sdk=iphoneos*]" = "iPhone Developer";
				GCC_C_LANGUAGE_STANDARD = c99;
				GCC_WARN_ABOUT_RETURN_TYPE = YES;
				GCC_WARN_UNUSED_VARIABLE = YES;
				SDKROOT = iphoneos;
			};
			name = Debug;
		};
		C01FCF5008A954540054247B /* Release */ = {
			isa = XCBuildConfiguration;
			buildSettings = {
				ARCHS = "$(ARCHS_STANDARD_32_BIT)";
				CODE_SIGN_ENTITLEMENTS = Resources/Entitlements.entitlements;
				"CODE_SIGN_IDENTITY[sdk=iphoneos*]" = "iPhone Distribution";
				GCC_C_LANGUAGE_STANDARD = c99;
				GCC_WARN_ABOUT_RETURN_TYPE = YES;
				GCC_WARN_UNUSED_VARIABLE = YES;
				"PROVISIONING_PROFILE[sdk=iphoneos*]" = "";
				SDKROOT = iphoneos;
			};
			name = Release;
		};
/* End XCBuildConfiguration section */

/* Begin XCConfigurationList section */
		1D6058960D05DD3E006BFB54 /* Build configuration list for PBXNativeTarget "Notitas" */ = {
			isa = XCConfigurationList;
			buildConfigurations = (
				1D6058940D05DD3E006BFB54 /* Debug */,
				1D6058950D05DD3E006BFB54 /* Release */,
			);
			defaultConfigurationIsVisible = 0;
			defaultConfigurationName = Release;
		};
		C01FCF4E08A954540054247B /* Build configuration list for PBXProject "Notitas" */ = {
			isa = XCConfigurationList;
			buildConfigurations = (
				C01FCF4F08A954540054247B /* Debug */,
				C01FCF5008A954540054247B /* Release */,
			);
			defaultConfigurationIsVisible = 0;
			defaultConfigurationName = Release;
		};
/* End XCConfigurationList section */

/* Begin XCVersionGroup section */
		3A860EDF1429D1E000649B27 /* Notitas.xcdatamodeld */ = {
			isa = XCVersionGroup;
			children = (
				3AC2056D142E2D1900DF256C /* Notitas 3.xcdatamodel */,
				3A860EE01429D1E000649B27 /* Notitas 2.xcdatamodel */,
				3A860EE11429D1E000649B27 /* Notitas.xcdatamodel */,
			);
			currentVersion = 3AC2056D142E2D1900DF256C /* Notitas 3.xcdatamodel */;
			path = Notitas.xcdatamodeld;
			sourceTree = "<group>";
			versionGroupType = wrapper.xcdatamodel;
		};
/* End XCVersionGroup section */
	};
	rootObject = 29B97313FDCFA39411CA2CEA /* Project object */;
}
